// !$*UTF8*$!
{
	archiveVersion = 1;
	classes = {
	};
	objectVersion = 46;
	objects = {

/* Begin PBXBuildFile section */
		D186469C1C3E926000BE5FE8 /* pipe.xml in Resources */ = {isa = PBXBuildFile; fileRef = D186469B1C3E926000BE5FE8 /* pipe.xml */; };
		D196F7F01C3D1EA700A6E014 /* Stormtrooper.xml in Resources */ = {isa = PBXBuildFile; fileRef = D196F7EF1C3D1EA700A6E014 /* Stormtrooper.xml */; };
		D196F8021C3D4A7F00A6E014 /* Repave.jpg in Resources */ = {isa = PBXBuildFile; fileRef = D196F8011C3D4A7F00A6E014 /* Repave.jpg */; };
		D196F8071C3D5DD500A6E014 /* Repave.jpg in Resources */ = {isa = PBXBuildFile; fileRef = D196F8041C3D5DD500A6E014 /* Repave.jpg */; };
		D196F80A1C3E5C0D00A6E014 /* dude.xml in Resources */ = {isa = PBXBuildFile; fileRef = D196F8091C3E5C0D00A6E014 /* dude.xml */; };
		D1B91B721C3BC48D0013E330 /* ArmyPilot.obj in Resources */ = {isa = PBXBuildFile; fileRef = D1B91B711C3BC48D0013E330 /* ArmyPilot.obj */; };
		D1B91B741C3BC4950013E330 /* ArmyPilot.png in Resources */ = {isa = PBXBuildFile; fileRef = D1B91B731C3BC4950013E330 /* ArmyPilot.png */; };
		D1B91EF51C3BEA250013E330 /* CPP_Wrapper.m in Sources */ = {isa = PBXBuildFile; fileRef = D1B91EF41C3BEA250013E330 /* CPP_Wrapper.m */; };
		D1DC80261C3C069100B39AF2 /* TBXML.m in Sources */ = {isa = PBXBuildFile; fileRef = D1DC80251C3C069100B39AF2 /* TBXML.m */; };
		D1DC80281C3C075500B39AF2 /* cube.xml in Resources */ = {isa = PBXBuildFile; fileRef = D1DC80271C3C075500B39AF2 /* cube.xml */; };
		D1F411D81C3A527D00769E80 /* AppDelegate.swift in Sources */ = {isa = PBXBuildFile; fileRef = D1F411D71C3A527D00769E80 /* AppDelegate.swift */; };
		D1F411DA1C3A527D00769E80 /* GameViewController.swift in Sources */ = {isa = PBXBuildFile; fileRef = D1F411D91C3A527D00769E80 /* GameViewController.swift */; };
		D1F411DC1C3A527D00769E80 /* Shaders.metal in Sources */ = {isa = PBXBuildFile; fileRef = D1F411DB1C3A527D00769E80 /* Shaders.metal */; };
		D1F411DF1C3A527D00769E80 /* Main.storyboard in Resources */ = {isa = PBXBuildFile; fileRef = D1F411DD1C3A527D00769E80 /* Main.storyboard */; };
		D1F411E11C3A527D00769E80 /* Assets.xcassets in Resources */ = {isa = PBXBuildFile; fileRef = D1F411E01C3A527D00769E80 /* Assets.xcassets */; };
		D1F411E41C3A527D00769E80 /* LaunchScreen.storyboard in Resources */ = {isa = PBXBuildFile; fileRef = D1F411E21C3A527D00769E80 /* LaunchScreen.storyboard */; };
		D1F411EF1C3A527D00769E80 /* TestMetal2Tests.swift in Sources */ = {isa = PBXBuildFile; fileRef = D1F411EE1C3A527D00769E80 /* TestMetal2Tests.swift */; };
		D1F411FA1C3A527D00769E80 /* TestMetal2UITests.swift in Sources */ = {isa = PBXBuildFile; fileRef = D1F411F91C3A527D00769E80 /* TestMetal2UITests.swift */; };
		D1F412081C3A579F00769E80 /* Ball.obj in Resources */ = {isa = PBXBuildFile; fileRef = D1F412071C3A579F00769E80 /* Ball.obj */; };
		D1F4120A1C3A5C3700769E80 /* OBJModel.swift in Sources */ = {isa = PBXBuildFile; fileRef = D1F412091C3A5C3700769E80 /* OBJModel.swift */; };
		D1F4120C1C3A721000769E80 /* teapot.obj in Resources */ = {isa = PBXBuildFile; fileRef = D1F4120B1C3A721000769E80 /* teapot.obj */; };
		D1F4120E1C3A743D00769E80 /* Renderer.swift in Sources */ = {isa = PBXBuildFile; fileRef = D1F4120D1C3A743D00769E80 /* Renderer.swift */; };
		D1F412101C3A8B8700769E80 /* MetalView.swift in Sources */ = {isa = PBXBuildFile; fileRef = D1F4120F1C3A8B8700769E80 /* MetalView.swift */; };
		D1F412121C3A8D9700769E80 /* Model.swift in Sources */ = {isa = PBXBuildFile; fileRef = D1F412111C3A8D9700769E80 /* Model.swift */; };
		D1F412141C3A8F1D00769E80 /* plane.obj in Resources */ = {isa = PBXBuildFile; fileRef = D1F412131C3A8F1D00769E80 /* plane.obj */; };
		D1F412161C3A99FB00769E80 /* spot.png in Resources */ = {isa = PBXBuildFile; fileRef = D1F412151C3A99FB00769E80 /* spot.png */; };
		D1F412181C3A9E1E00769E80 /* spot.obj in Resources */ = {isa = PBXBuildFile; fileRef = D1F412171C3A9E1E00769E80 /* spot.obj */; };
		D1F4121F1C3ACB7100769E80 /* Stormtrooper.png in Resources */ = {isa = PBXBuildFile; fileRef = D1F4121D1C3ACB7100769E80 /* Stormtrooper.png */; };
		D1F412201C3ACB7100769E80 /* Stormtrooper.obj in Resources */ = {isa = PBXBuildFile; fileRef = D1F4121E1C3ACB7100769E80 /* Stormtrooper.obj */; };
		D1F412221C3ACCE600769E80 /* Camera.swift in Sources */ = {isa = PBXBuildFile; fileRef = D1F412211C3ACCE600769E80 /* Camera.swift */; };
		D1F412251C3AE5D500769E80 /* Mesh.swift in Sources */ = {isa = PBXBuildFile; fileRef = D1F412241C3AE5D500769E80 /* Mesh.swift */; };
		D1F412271C3AEDBE00769E80 /* Misc.swift in Sources */ = {isa = PBXBuildFile; fileRef = D1F412261C3AEDBE00769E80 /* Misc.swift */; };
		D1F412291C3AEEA700769E80 /* Geometry.swift in Sources */ = {isa = PBXBuildFile; fileRef = D1F412281C3AEEA700769E80 /* Geometry.swift */; };
		D1F4122B1C3B8FA400769E80 /* Graphics.swift in Sources */ = {isa = PBXBuildFile; fileRef = D1F4122A1C3B8FA400769E80 /* Graphics.swift */; };
		D1F4122E1C3B9C7200769E80 /* QuadTree.swift in Sources */ = {isa = PBXBuildFile; fileRef = D1F4122D1C3B9C7200769E80 /* QuadTree.swift */; };
		D1F412301C3BA9F900769E80 /* PhysicsSettings.swift in Sources */ = {isa = PBXBuildFile; fileRef = D1F4122F1C3BA9F900769E80 /* PhysicsSettings.swift */; };
		D1FB18DA1C3FEA99006032BC /* Skeleton.swift in Sources */ = {isa = PBXBuildFile; fileRef = D1FB18D91C3FEA99006032BC /* Skeleton.swift */; };
/* End PBXBuildFile section */

/* Begin PBXContainerItemProxy section */
		D1F411EB1C3A527D00769E80 /* PBXContainerItemProxy */ = {
			isa = PBXContainerItemProxy;
			containerPortal = D1F411CC1C3A527D00769E80 /* Project object */;
			proxyType = 1;
			remoteGlobalIDString = D1F411D31C3A527D00769E80;
			remoteInfo = TestMetal2;
		};
		D1F411F61C3A527D00769E80 /* PBXContainerItemProxy */ = {
			isa = PBXContainerItemProxy;
			containerPortal = D1F411CC1C3A527D00769E80 /* Project object */;
			proxyType = 1;
			remoteGlobalIDString = D1F411D31C3A527D00769E80;
			remoteInfo = TestMetal2;
		};
/* End PBXContainerItemProxy section */

/* Begin PBXFileReference section */
		D186469B1C3E926000BE5FE8 /* pipe.xml */ = {isa = PBXFileReference; fileEncoding = 4; lastKnownFileType = text.xml; name = pipe.xml; path = ../../pipe.xml; sourceTree = "<group>"; };
		D196F7EE1C3D1BF100A6E014 /* TBXML.h */ = {isa = PBXFileReference; lastKnownFileType = sourcecode.c.h; path = TBXML.h; sourceTree = "<group>"; };
		D196F7EF1C3D1EA700A6E014 /* Stormtrooper.xml */ = {isa = PBXFileReference; fileEncoding = 4; lastKnownFileType = text.xml; path = Stormtrooper.xml; sourceTree = "<group>"; };
		D196F8011C3D4A7F00A6E014 /* Repave.jpg */ = {isa = PBXFileReference; lastKnownFileType = image.jpeg; name = Repave.jpg; path = ../../../Pictures/Repave.jpg; sourceTree = "<group>"; };
		D196F8041C3D5DD500A6E014 /* Repave.jpg */ = {isa = PBXFileReference; lastKnownFileType = image.jpeg; name = Repave.jpg; path = ../../Repave.jpg; sourceTree = "<group>"; };
		D196F8091C3E5C0D00A6E014 /* dude.xml */ = {isa = PBXFileReference; fileEncoding = 4; lastKnownFileType = text.xml; name = dude.xml; path = ../../dude.xml; sourceTree = "<group>"; };
		D1B91B711C3BC48D0013E330 /* ArmyPilot.obj */ = {isa = PBXFileReference; fileEncoding = 4; lastKnownFileType = text; path = ArmyPilot.obj; sourceTree = "<group>"; };
		D1B91B731C3BC4950013E330 /* ArmyPilot.png */ = {isa = PBXFileReference; lastKnownFileType = image.png; path = ArmyPilot.png; sourceTree = "<group>"; };
		D1B91EF31C3BEA250013E330 /* CPP_Wrapper.h */ = {isa = PBXFileReference; fileEncoding = 4; lastKnownFileType = sourcecode.c.h; path = CPP_Wrapper.h; sourceTree = "<group>"; };
		D1B91EF41C3BEA250013E330 /* CPP_Wrapper.m */ = {isa = PBXFileReference; fileEncoding = 4; lastKnownFileType = sourcecode.c.objc; path = CPP_Wrapper.m; sourceTree = "<group>"; };
		D1B91EF61C3BEACE0013E330 /* TestMetal2-Bridging-Header.h */ = {isa = PBXFileReference; lastKnownFileType = sourcecode.c.h; path = "TestMetal2-Bridging-Header.h"; sourceTree = "<group>"; };
		D1DC80251C3C069100B39AF2 /* TBXML.m */ = {isa = PBXFileReference; fileEncoding = 4; lastKnownFileType = sourcecode.c.objc; path = TBXML.m; sourceTree = "<group>"; };
		D1DC80271C3C075500B39AF2 /* cube.xml */ = {isa = PBXFileReference; fileEncoding = 4; lastKnownFileType = text.xml; path = cube.xml; sourceTree = "<group>"; };
		D1F411D41C3A527D00769E80 /* TestMetal2.app */ = {isa = PBXFileReference; explicitFileType = wrapper.application; includeInIndex = 0; path = TestMetal2.app; sourceTree = BUILT_PRODUCTS_DIR; };
		D1F411D71C3A527D00769E80 /* AppDelegate.swift */ = {isa = PBXFileReference; lastKnownFileType = sourcecode.swift; path = AppDelegate.swift; sourceTree = "<group>"; };
		D1F411D91C3A527D00769E80 /* GameViewController.swift */ = {isa = PBXFileReference; lastKnownFileType = sourcecode.swift; path = GameViewController.swift; sourceTree = "<group>"; };
		D1F411DB1C3A527D00769E80 /* Shaders.metal */ = {isa = PBXFileReference; lastKnownFileType = sourcecode.metal; path = Shaders.metal; sourceTree = "<group>"; };
		D1F411DE1C3A527D00769E80 /* Base */ = {isa = PBXFileReference; lastKnownFileType = file.storyboard; name = Base; path = Base.lproj/Main.storyboard; sourceTree = "<group>"; };
		D1F411E01C3A527D00769E80 /* Assets.xcassets */ = {isa = PBXFileReference; lastKnownFileType = folder.assetcatalog; path = Assets.xcassets; sourceTree = "<group>"; };
		D1F411E31C3A527D00769E80 /* Base */ = {isa = PBXFileReference; lastKnownFileType = file.storyboard; name = Base; path = Base.lproj/LaunchScreen.storyboard; sourceTree = "<group>"; };
		D1F411E51C3A527D00769E80 /* Info.plist */ = {isa = PBXFileReference; lastKnownFileType = text.plist.xml; path = Info.plist; sourceTree = "<group>"; };
		D1F411EA1C3A527D00769E80 /* TestMetal2Tests.xctest */ = {isa = PBXFileReference; explicitFileType = wrapper.cfbundle; includeInIndex = 0; path = TestMetal2Tests.xctest; sourceTree = BUILT_PRODUCTS_DIR; };
		D1F411EE1C3A527D00769E80 /* TestMetal2Tests.swift */ = {isa = PBXFileReference; lastKnownFileType = sourcecode.swift; path = TestMetal2Tests.swift; sourceTree = "<group>"; };
		D1F411F01C3A527D00769E80 /* Info.plist */ = {isa = PBXFileReference; lastKnownFileType = text.plist.xml; path = Info.plist; sourceTree = "<group>"; };
		D1F411F51C3A527D00769E80 /* TestMetal2UITests.xctest */ = {isa = PBXFileReference; explicitFileType = wrapper.cfbundle; includeInIndex = 0; path = TestMetal2UITests.xctest; sourceTree = BUILT_PRODUCTS_DIR; };
		D1F411F91C3A527D00769E80 /* TestMetal2UITests.swift */ = {isa = PBXFileReference; lastKnownFileType = sourcecode.swift; path = TestMetal2UITests.swift; sourceTree = "<group>"; };
		D1F411FB1C3A527D00769E80 /* Info.plist */ = {isa = PBXFileReference; lastKnownFileType = text.plist.xml; path = Info.plist; sourceTree = "<group>"; };
		D1F412071C3A579F00769E80 /* Ball.obj */ = {isa = PBXFileReference; fileEncoding = 4; lastKnownFileType = text; path = Ball.obj; sourceTree = "<group>"; };
		D1F412091C3A5C3700769E80 /* OBJModel.swift */ = {isa = PBXFileReference; fileEncoding = 4; lastKnownFileType = sourcecode.swift; path = OBJModel.swift; sourceTree = "<group>"; };
		D1F4120B1C3A721000769E80 /* teapot.obj */ = {isa = PBXFileReference; fileEncoding = 4; lastKnownFileType = text; path = teapot.obj; sourceTree = "<group>"; };
		D1F4120D1C3A743D00769E80 /* Renderer.swift */ = {isa = PBXFileReference; fileEncoding = 4; lastKnownFileType = sourcecode.swift; path = Renderer.swift; sourceTree = "<group>"; };
		D1F4120F1C3A8B8700769E80 /* MetalView.swift */ = {isa = PBXFileReference; fileEncoding = 4; lastKnownFileType = sourcecode.swift; path = MetalView.swift; sourceTree = "<group>"; };
		D1F412111C3A8D9700769E80 /* Model.swift */ = {isa = PBXFileReference; fileEncoding = 4; lastKnownFileType = sourcecode.swift; path = Model.swift; sourceTree = "<group>"; };
		D1F412131C3A8F1D00769E80 /* plane.obj */ = {isa = PBXFileReference; fileEncoding = 4; lastKnownFileType = text; path = plane.obj; sourceTree = "<group>"; };
		D1F412151C3A99FB00769E80 /* spot.png */ = {isa = PBXFileReference; lastKnownFileType = image.png; path = spot.png; sourceTree = "<group>"; };
		D1F412171C3A9E1E00769E80 /* spot.obj */ = {isa = PBXFileReference; fileEncoding = 4; lastKnownFileType = text; path = spot.obj; sourceTree = "<group>"; };
		D1F4121D1C3ACB7100769E80 /* Stormtrooper.png */ = {isa = PBXFileReference; lastKnownFileType = image.png; path = Stormtrooper.png; sourceTree = "<group>"; };
		D1F4121E1C3ACB7100769E80 /* Stormtrooper.obj */ = {isa = PBXFileReference; fileEncoding = 4; lastKnownFileType = text; path = Stormtrooper.obj; sourceTree = "<group>"; };
		D1F412211C3ACCE600769E80 /* Camera.swift */ = {isa = PBXFileReference; fileEncoding = 4; lastKnownFileType = sourcecode.swift; path = Camera.swift; sourceTree = "<group>"; };
		D1F412241C3AE5D500769E80 /* Mesh.swift */ = {isa = PBXFileReference; fileEncoding = 4; lastKnownFileType = sourcecode.swift; path = Mesh.swift; sourceTree = "<group>"; };
		D1F412261C3AEDBE00769E80 /* Misc.swift */ = {isa = PBXFileReference; fileEncoding = 4; lastKnownFileType = sourcecode.swift; path = Misc.swift; sourceTree = "<group>"; };
		D1F412281C3AEEA700769E80 /* Geometry.swift */ = {isa = PBXFileReference; fileEncoding = 4; lastKnownFileType = sourcecode.swift; path = Geometry.swift; sourceTree = "<group>"; };
		D1F4122A1C3B8FA400769E80 /* Graphics.swift */ = {isa = PBXFileReference; fileEncoding = 4; lastKnownFileType = sourcecode.swift; path = Graphics.swift; sourceTree = "<group>"; };
		D1F4122D1C3B9C7200769E80 /* QuadTree.swift */ = {isa = PBXFileReference; fileEncoding = 4; lastKnownFileType = sourcecode.swift; path = QuadTree.swift; sourceTree = "<group>"; };
		D1F4122F1C3BA9F900769E80 /* PhysicsSettings.swift */ = {isa = PBXFileReference; fileEncoding = 4; lastKnownFileType = sourcecode.swift; path = PhysicsSettings.swift; sourceTree = "<group>"; };
		D1FB18D91C3FEA99006032BC /* Skeleton.swift */ = {isa = PBXFileReference; fileEncoding = 4; lastKnownFileType = sourcecode.swift; path = Skeleton.swift; sourceTree = "<group>"; };
/* End PBXFileReference section */

/* Begin PBXFrameworksBuildPhase section */
		D1F411D11C3A527D00769E80 /* Frameworks */ = {
			isa = PBXFrameworksBuildPhase;
			buildActionMask = 2147483647;
			files = (
			);
			runOnlyForDeploymentPostprocessing = 0;
		};
		D1F411E71C3A527D00769E80 /* Frameworks */ = {
			isa = PBXFrameworksBuildPhase;
			buildActionMask = 2147483647;
			files = (
			);
			runOnlyForDeploymentPostprocessing = 0;
		};
		D1F411F21C3A527D00769E80 /* Frameworks */ = {
			isa = PBXFrameworksBuildPhase;
			buildActionMask = 2147483647;
			files = (
			);
			runOnlyForDeploymentPostprocessing = 0;
		};
/* End PBXFrameworksBuildPhase section */

/* Begin PBXGroup section */
		B2A72B35AFD8FF5A3C3D385E /* Frameworks */ = {
			isa = PBXGroup;
			children = (
			);
			name = Frameworks;
			sourceTree = "<group>";
		};
		D1F411CB1C3A527D00769E80 = {
			isa = PBXGroup;
			children = (
				D1F411D61C3A527D00769E80 /* TestMetal2 */,
				D1F411ED1C3A527D00769E80 /* TestMetal2Tests */,
				D1F411F81C3A527D00769E80 /* TestMetal2UITests */,
				D1F411D51C3A527D00769E80 /* Products */,
				B2A72B35AFD8FF5A3C3D385E /* Frameworks */,
			);
			sourceTree = "<group>";
		};
		D1F411D51C3A527D00769E80 /* Products */ = {
			isa = PBXGroup;
			children = (
				D1F411D41C3A527D00769E80 /* TestMetal2.app */,
				D1F411EA1C3A527D00769E80 /* TestMetal2Tests.xctest */,
				D1F411F51C3A527D00769E80 /* TestMetal2UITests.xctest */,
			);
			name = Products;
			sourceTree = "<group>";
		};
		D1F411D61C3A527D00769E80 /* TestMetal2 */ = {
			isa = PBXGroup;
			children = (
				D1F411D71C3A527D00769E80 /* AppDelegate.swift */,
				D1F411D91C3A527D00769E80 /* GameViewController.swift */,
				D1FB18D91C3FEA99006032BC /* Skeleton.swift */,
				D1F4122D1C3B9C7200769E80 /* QuadTree.swift */,
				D1F412111C3A8D9700769E80 /* Model.swift */,
				D1F4122F1C3BA9F900769E80 /* PhysicsSettings.swift */,
				D1F4122C1C3B946900769E80 /* Graphics */,
				D1F411DD1C3A527D00769E80 /* Main.storyboard */,
				D1F411E01C3A527D00769E80 /* Assets.xcassets */,
				D1F411E21C3A527D00769E80 /* LaunchScreen.storyboard */,
				D1F4121D1C3ACB7100769E80 /* Stormtrooper.png */,
				D1F4121E1C3ACB7100769E80 /* Stormtrooper.obj */,
				D1F411E51C3A527D00769E80 /* Info.plist */,
				D1F412131C3A8F1D00769E80 /* plane.obj */,
				D1B91B731C3BC4950013E330 /* ArmyPilot.png */,
				D196F8011C3D4A7F00A6E014 /* Repave.jpg */,
				D1B91B711C3BC48D0013E330 /* ArmyPilot.obj */,
				D1F4120B1C3A721000769E80 /* teapot.obj */,
				D1F412171C3A9E1E00769E80 /* spot.obj */,
				D1F412071C3A579F00769E80 /* Ball.obj */,
				D196F7EF1C3D1EA700A6E014 /* Stormtrooper.xml */,
				D196F8041C3D5DD500A6E014 /* Repave.jpg */,
				D1F412151C3A99FB00769E80 /* spot.png */,
				D186469B1C3E926000BE5FE8 /* pipe.xml */,
				D196F8091C3E5C0D00A6E014 /* dude.xml */,
				D196F7EE1C3D1BF100A6E014 /* TBXML.h */,
				D1DC80251C3C069100B39AF2 /* TBXML.m */,
			);
			path = TestMetal2;
			sourceTree = "<group>";
		};
		D1F411ED1C3A527D00769E80 /* TestMetal2Tests */ = {
			isa = PBXGroup;
			children = (
				D1F411EE1C3A527D00769E80 /* TestMetal2Tests.swift */,
				D1F411F01C3A527D00769E80 /* Info.plist */,
			);
			path = TestMetal2Tests;
			sourceTree = "<group>";
		};
		D1F411F81C3A527D00769E80 /* TestMetal2UITests */ = {
			isa = PBXGroup;
			children = (
				D1F411F91C3A527D00769E80 /* TestMetal2UITests.swift */,
				D1F411FB1C3A527D00769E80 /* Info.plist */,
			);
			path = TestMetal2UITests;
			sourceTree = "<group>";
		};
		D1F4122C1C3B946900769E80 /* Graphics */ = {
			isa = PBXGroup;
			children = (
				D1F4122A1C3B8FA400769E80 /* Graphics.swift */,
				D1F412211C3ACCE600769E80 /* Camera.swift */,
				D1F412241C3AE5D500769E80 /* Mesh.swift */,
				D1F412091C3A5C3700769E80 /* OBJModel.swift */,
				D1F4120D1C3A743D00769E80 /* Renderer.swift */,
				D1F4120F1C3A8B8700769E80 /* MetalView.swift */,
				D1F411DB1C3A527D00769E80 /* Shaders.metal */,
				D1F412281C3AEEA700769E80 /* Geometry.swift */,
				D1F412261C3AEDBE00769E80 /* Misc.swift */,
				D1B91EF61C3BEACE0013E330 /* TestMetal2-Bridging-Header.h */,
				D1B91EF31C3BEA250013E330 /* CPP_Wrapper.h */,
				D1B91EF41C3BEA250013E330 /* CPP_Wrapper.m */,
				D1DC80271C3C075500B39AF2 /* cube.xml */,
			);
			name = Graphics;
			sourceTree = "<group>";
		};
/* End PBXGroup section */

/* Begin PBXNativeTarget section */
		D1F411D31C3A527D00769E80 /* TestMetal2 */ = {
			isa = PBXNativeTarget;
			buildConfigurationList = D1F411FE1C3A527D00769E80 /* Build configuration list for PBXNativeTarget "TestMetal2" */;
			buildPhases = (
				D1F411D01C3A527D00769E80 /* Sources */,
				D1F411D11C3A527D00769E80 /* Frameworks */,
				D1F411D21C3A527D00769E80 /* Resources */,
			);
			buildRules = (
			);
			dependencies = (
			);
			name = TestMetal2;
			productName = TestMetal2;
			productReference = D1F411D41C3A527D00769E80 /* TestMetal2.app */;
			productType = "com.apple.product-type.application";
		};
		D1F411E91C3A527D00769E80 /* TestMetal2Tests */ = {
			isa = PBXNativeTarget;
			buildConfigurationList = D1F412011C3A527D00769E80 /* Build configuration list for PBXNativeTarget "TestMetal2Tests" */;
			buildPhases = (
				778ADBCDBA3D943DE41FE6DD /* Check Pods Manifest.lock */,
				D1F411E61C3A527D00769E80 /* Sources */,
				D1F411E71C3A527D00769E80 /* Frameworks */,
				D1F411E81C3A527D00769E80 /* Resources */,
				BB06A9018FBE89C9F1CE1AC6 /* Embed Pods Frameworks */,
				53C4272EE9E5A1346B7D759E /* Copy Pods Resources */,
			);
			buildRules = (
			);
			dependencies = (
				D1F411EC1C3A527D00769E80 /* PBXTargetDependency */,
			);
			name = TestMetal2Tests;
			productName = TestMetal2Tests;
			productReference = D1F411EA1C3A527D00769E80 /* TestMetal2Tests.xctest */;
			productType = "com.apple.product-type.bundle.unit-test";
		};
		D1F411F41C3A527D00769E80 /* TestMetal2UITests */ = {
			isa = PBXNativeTarget;
			buildConfigurationList = D1F412041C3A527D00769E80 /* Build configuration list for PBXNativeTarget "TestMetal2UITests" */;
			buildPhases = (
				DB935BE006820DE59280F13A /* Check Pods Manifest.lock */,
				D1F411F11C3A527D00769E80 /* Sources */,
				D1F411F21C3A527D00769E80 /* Frameworks */,
				D1F411F31C3A527D00769E80 /* Resources */,
				86B91868C8B86E6AB97AA89E /* Copy Pods Resources */,
			);
			buildRules = (
			);
			dependencies = (
				D1F411F71C3A527D00769E80 /* PBXTargetDependency */,
			);
			name = TestMetal2UITests;
			productName = TestMetal2UITests;
			productReference = D1F411F51C3A527D00769E80 /* TestMetal2UITests.xctest */;
			productType = "com.apple.product-type.bundle.ui-testing";
		};
/* End PBXNativeTarget section */

/* Begin PBXProject section */
		D1F411CC1C3A527D00769E80 /* Project object */ = {
			isa = PBXProject;
			attributes = {
				LastSwiftUpdateCheck = 0720;
				LastUpgradeCheck = 0720;
				ORGANIZATIONNAME = "Pål Forsberg";
				TargetAttributes = {
					D1F411D31C3A527D00769E80 = {
						CreatedOnToolsVersion = 7.2;
					};
					D1F411E91C3A527D00769E80 = {
						CreatedOnToolsVersion = 7.2;
						TestTargetID = D1F411D31C3A527D00769E80;
					};
					D1F411F41C3A527D00769E80 = {
						CreatedOnToolsVersion = 7.2;
						TestTargetID = D1F411D31C3A527D00769E80;
					};
				};
			};
			buildConfigurationList = D1F411CF1C3A527D00769E80 /* Build configuration list for PBXProject "TestMetal2" */;
			compatibilityVersion = "Xcode 3.2";
			developmentRegion = English;
			hasScannedForEncodings = 0;
			knownRegions = (
				en,
				Base,
			);
			mainGroup = D1F411CB1C3A527D00769E80;
			productRefGroup = D1F411D51C3A527D00769E80 /* Products */;
			projectDirPath = "";
			projectRoot = "";
			targets = (
				D1F411D31C3A527D00769E80 /* TestMetal2 */,
				D1F411E91C3A527D00769E80 /* TestMetal2Tests */,
				D1F411F41C3A527D00769E80 /* TestMetal2UITests */,
			);
		};
/* End PBXProject section */

/* Begin PBXResourcesBuildPhase section */
		D1F411D21C3A527D00769E80 /* Resources */ = {
			isa = PBXResourcesBuildPhase;
			buildActionMask = 2147483647;
			files = (
				D196F7F01C3D1EA700A6E014 /* Stormtrooper.xml in Resources */,
				D1F411E41C3A527D00769E80 /* LaunchScreen.storyboard in Resources */,
				D1DC80281C3C075500B39AF2 /* cube.xml in Resources */,
				D186469C1C3E926000BE5FE8 /* pipe.xml in Resources */,
				D1F411E11C3A527D00769E80 /* Assets.xcassets in Resources */,
				D1F412141C3A8F1D00769E80 /* plane.obj in Resources */,
				D1F412161C3A99FB00769E80 /* spot.png in Resources */,
				D1B91B721C3BC48D0013E330 /* ArmyPilot.obj in Resources */,
				D1F4121F1C3ACB7100769E80 /* Stormtrooper.png in Resources */,
				D1F411DF1C3A527D00769E80 /* Main.storyboard in Resources */,
				D1F412081C3A579F00769E80 /* Ball.obj in Resources */,
				D196F80A1C3E5C0D00A6E014 /* dude.xml in Resources */,
				D1B91B741C3BC4950013E330 /* ArmyPilot.png in Resources */,
				D196F8021C3D4A7F00A6E014 /* Repave.jpg in Resources */,
				D1F412201C3ACB7100769E80 /* Stormtrooper.obj in Resources */,
				D196F8071C3D5DD500A6E014 /* Repave.jpg in Resources */,
				D1F4120C1C3A721000769E80 /* teapot.obj in Resources */,
				D1F412181C3A9E1E00769E80 /* spot.obj in Resources */,
			);
			runOnlyForDeploymentPostprocessing = 0;
		};
		D1F411E81C3A527D00769E80 /* Resources */ = {
			isa = PBXResourcesBuildPhase;
			buildActionMask = 2147483647;
			files = (
			);
			runOnlyForDeploymentPostprocessing = 0;
		};
		D1F411F31C3A527D00769E80 /* Resources */ = {
			isa = PBXResourcesBuildPhase;
			buildActionMask = 2147483647;
			files = (
			);
			runOnlyForDeploymentPostprocessing = 0;
		};
/* End PBXResourcesBuildPhase section */

/* Begin PBXShellScriptBuildPhase section */
		53C4272EE9E5A1346B7D759E /* Copy Pods Resources */ = {
			isa = PBXShellScriptBuildPhase;
			buildActionMask = 2147483647;
			files = (
			);
			inputPaths = (
			);
			name = "Copy Pods Resources";
			outputPaths = (
			);
			runOnlyForDeploymentPostprocessing = 0;
			shellPath = /bin/sh;
			shellScript = "\"${SRCROOT}/Pods/Target Support Files/Pods-TestMetal2Tests/Pods-TestMetal2Tests-resources.sh\"\n";
			showEnvVarsInLog = 0;
		};
		778ADBCDBA3D943DE41FE6DD /* Check Pods Manifest.lock */ = {
			isa = PBXShellScriptBuildPhase;
			buildActionMask = 2147483647;
			files = (
			);
			inputPaths = (
			);
			name = "Check Pods Manifest.lock";
			outputPaths = (
			);
			runOnlyForDeploymentPostprocessing = 0;
			shellPath = /bin/sh;
			shellScript = "diff \"${PODS_ROOT}/../Podfile.lock\" \"${PODS_ROOT}/Manifest.lock\" > /dev/null\nif [[ $? != 0 ]] ; then\n    cat << EOM\nerror: The sandbox is not in sync with the Podfile.lock. Run 'pod install' or update your CocoaPods installation.\nEOM\n    exit 1\nfi\n";
			showEnvVarsInLog = 0;
		};
		86B91868C8B86E6AB97AA89E /* Copy Pods Resources */ = {
			isa = PBXShellScriptBuildPhase;
			buildActionMask = 2147483647;
			files = (
			);
			inputPaths = (
			);
			name = "Copy Pods Resources";
			outputPaths = (
			);
			runOnlyForDeploymentPostprocessing = 0;
			shellPath = /bin/sh;
			shellScript = "\"${SRCROOT}/Pods/Target Support Files/Pods-TestMetal2UITests/Pods-TestMetal2UITests-resources.sh\"\n";
			showEnvVarsInLog = 0;
		};
		BB06A9018FBE89C9F1CE1AC6 /* Embed Pods Frameworks */ = {
			isa = PBXShellScriptBuildPhase;
			buildActionMask = 2147483647;
			files = (
			);
			inputPaths = (
			);
			name = "Embed Pods Frameworks";
			outputPaths = (
			);
			runOnlyForDeploymentPostprocessing = 0;
			shellPath = /bin/sh;
			shellScript = "\"${SRCROOT}/Pods/Target Support Files/Pods-TestMetal2Tests/Pods-TestMetal2Tests-frameworks.sh\"\n";
			showEnvVarsInLog = 0;
		};
		DB935BE006820DE59280F13A /* Check Pods Manifest.lock */ = {
			isa = PBXShellScriptBuildPhase;
			buildActionMask = 2147483647;
			files = (
			);
			inputPaths = (
			);
			name = "Check Pods Manifest.lock";
			outputPaths = (
			);
			runOnlyForDeploymentPostprocessing = 0;
			shellPath = /bin/sh;
			shellScript = "diff \"${PODS_ROOT}/../Podfile.lock\" \"${PODS_ROOT}/Manifest.lock\" > /dev/null\nif [[ $? != 0 ]] ; then\n    cat << EOM\nerror: The sandbox is not in sync with the Podfile.lock. Run 'pod install' or update your CocoaPods installation.\nEOM\n    exit 1\nfi\n";
			showEnvVarsInLog = 0;
		};
/* End PBXShellScriptBuildPhase section */

/* Begin PBXSourcesBuildPhase section */
		D1F411D01C3A527D00769E80 /* Sources */ = {
			isa = PBXSourcesBuildPhase;
			buildActionMask = 2147483647;
			files = (
				D1F412301C3BA9F900769E80 /* PhysicsSettings.swift in Sources */,
				D1F412221C3ACCE600769E80 /* Camera.swift in Sources */,
				D1B91EF51C3BEA250013E330 /* CPP_Wrapper.m in Sources */,
				D1F412121C3A8D9700769E80 /* Model.swift in Sources */,
				D1F412101C3A8B8700769E80 /* MetalView.swift in Sources */,
				D1F412291C3AEEA700769E80 /* Geometry.swift in Sources */,
				D1F4122E1C3B9C7200769E80 /* QuadTree.swift in Sources */,
				D1DC80261C3C069100B39AF2 /* TBXML.m in Sources */,
				D1F412271C3AEDBE00769E80 /* Misc.swift in Sources */,
				D1F411DC1C3A527D00769E80 /* Shaders.metal in Sources */,
				D1F4120A1C3A5C3700769E80 /* OBJModel.swift in Sources */,
				D1FB18DA1C3FEA99006032BC /* Skeleton.swift in Sources */,
				D1F411DA1C3A527D00769E80 /* GameViewController.swift in Sources */,
				D1F412251C3AE5D500769E80 /* Mesh.swift in Sources */,
				D1F4120E1C3A743D00769E80 /* Renderer.swift in Sources */,
				D1F411D81C3A527D00769E80 /* AppDelegate.swift in Sources */,
				D1F4122B1C3B8FA400769E80 /* Graphics.swift in Sources */,
			);
			runOnlyForDeploymentPostprocessing = 0;
		};
		D1F411E61C3A527D00769E80 /* Sources */ = {
			isa = PBXSourcesBuildPhase;
			buildActionMask = 2147483647;
			files = (
				D1F411EF1C3A527D00769E80 /* TestMetal2Tests.swift in Sources */,
			);
			runOnlyForDeploymentPostprocessing = 0;
		};
		D1F411F11C3A527D00769E80 /* Sources */ = {
			isa = PBXSourcesBuildPhase;
			buildActionMask = 2147483647;
			files = (
				D1F411FA1C3A527D00769E80 /* TestMetal2UITests.swift in Sources */,
			);
			runOnlyForDeploymentPostprocessing = 0;
		};
/* End PBXSourcesBuildPhase section */

/* Begin PBXTargetDependency section */
		D1F411EC1C3A527D00769E80 /* PBXTargetDependency */ = {
			isa = PBXTargetDependency;
			target = D1F411D31C3A527D00769E80 /* TestMetal2 */;
			targetProxy = D1F411EB1C3A527D00769E80 /* PBXContainerItemProxy */;
		};
		D1F411F71C3A527D00769E80 /* PBXTargetDependency */ = {
			isa = PBXTargetDependency;
			target = D1F411D31C3A527D00769E80 /* TestMetal2 */;
			targetProxy = D1F411F61C3A527D00769E80 /* PBXContainerItemProxy */;
		};
/* End PBXTargetDependency section */

/* Begin PBXVariantGroup section */
		D1F411DD1C3A527D00769E80 /* Main.storyboard */ = {
			isa = PBXVariantGroup;
			children = (
				D1F411DE1C3A527D00769E80 /* Base */,
			);
			name = Main.storyboard;
			sourceTree = "<group>";
		};
		D1F411E21C3A527D00769E80 /* LaunchScreen.storyboard */ = {
			isa = PBXVariantGroup;
			children = (
				D1F411E31C3A527D00769E80 /* Base */,
			);
			name = LaunchScreen.storyboard;
			sourceTree = "<group>";
		};
/* End PBXVariantGroup section */

/* Begin XCBuildConfiguration section */
		D1F411FC1C3A527D00769E80 /* Debug */ = {
			isa = XCBuildConfiguration;
			buildSettings = {
				ALWAYS_SEARCH_USER_PATHS = NO;
				CLANG_CXX_LANGUAGE_STANDARD = "gnu++0x";
				CLANG_CXX_LIBRARY = "libc++";
				CLANG_ENABLE_MODULES = YES;
				CLANG_ENABLE_OBJC_ARC = YES;
				CLANG_WARN_BOOL_CONVERSION = YES;
				CLANG_WARN_CONSTANT_CONVERSION = YES;
				CLANG_WARN_DIRECT_OBJC_ISA_USAGE = YES_ERROR;
				CLANG_WARN_EMPTY_BODY = YES;
				CLANG_WARN_ENUM_CONVERSION = YES;
				CLANG_WARN_INT_CONVERSION = YES;
				CLANG_WARN_OBJC_ROOT_CLASS = YES_ERROR;
				CLANG_WARN_UNREACHABLE_CODE = YES;
				CLANG_WARN__DUPLICATE_METHOD_MATCH = YES;
				"CODE_SIGN_IDENTITY[sdk=iphoneos*]" = "iPhone Developer";
				COPY_PHASE_STRIP = NO;
				DEBUG_INFORMATION_FORMAT = "dwarf-with-dsym";
				ENABLE_STRICT_OBJC_MSGSEND = YES;
				ENABLE_TESTABILITY = YES;
				GCC_C_LANGUAGE_STANDARD = gnu99;
				GCC_DYNAMIC_NO_PIC = NO;
				GCC_NO_COMMON_BLOCKS = YES;
				GCC_OPTIMIZATION_LEVEL = 0;
				GCC_PREPROCESSOR_DEFINITIONS = (
					"DEBUG=1",
					"$(inherited)",
				);
				GCC_WARN_64_TO_32_BIT_CONVERSION = YES;
				GCC_WARN_ABOUT_RETURN_TYPE = YES_ERROR;
				GCC_WARN_UNDECLARED_SELECTOR = YES;
				GCC_WARN_UNINITIALIZED_AUTOS = YES_AGGRESSIVE;
				GCC_WARN_UNUSED_FUNCTION = YES;
				GCC_WARN_UNUSED_VARIABLE = YES;
				IPHONEOS_DEPLOYMENT_TARGET = 9.2;
				MTL_ENABLE_DEBUG_INFO = YES;
				ONLY_ACTIVE_ARCH = YES;
				SDKROOT = iphoneos;
				SWIFT_OPTIMIZATION_LEVEL = "-Onone";
				TARGETED_DEVICE_FAMILY = "1,2";
			};
			name = Debug;
		};
		D1F411FD1C3A527D00769E80 /* Release */ = {
			isa = XCBuildConfiguration;
			buildSettings = {
				ALWAYS_SEARCH_USER_PATHS = NO;
				CLANG_CXX_LANGUAGE_STANDARD = "gnu++0x";
				CLANG_CXX_LIBRARY = "libc++";
				CLANG_ENABLE_MODULES = YES;
				CLANG_ENABLE_OBJC_ARC = YES;
				CLANG_WARN_BOOL_CONVERSION = YES;
				CLANG_WARN_CONSTANT_CONVERSION = YES;
				CLANG_WARN_DIRECT_OBJC_ISA_USAGE = YES_ERROR;
				CLANG_WARN_EMPTY_BODY = YES;
				CLANG_WARN_ENUM_CONVERSION = YES;
				CLANG_WARN_INT_CONVERSION = YES;
				CLANG_WARN_OBJC_ROOT_CLASS = YES_ERROR;
				CLANG_WARN_UNREACHABLE_CODE = YES;
				CLANG_WARN__DUPLICATE_METHOD_MATCH = YES;
				"CODE_SIGN_IDENTITY[sdk=iphoneos*]" = "iPhone Developer";
				COPY_PHASE_STRIP = NO;
				DEBUG_INFORMATION_FORMAT = "dwarf-with-dsym";
				ENABLE_NS_ASSERTIONS = NO;
				ENABLE_STRICT_OBJC_MSGSEND = YES;
				GCC_C_LANGUAGE_STANDARD = gnu99;
				GCC_NO_COMMON_BLOCKS = YES;
				GCC_WARN_64_TO_32_BIT_CONVERSION = YES;
				GCC_WARN_ABOUT_RETURN_TYPE = YES_ERROR;
				GCC_WARN_UNDECLARED_SELECTOR = YES;
				GCC_WARN_UNINITIALIZED_AUTOS = YES_AGGRESSIVE;
				GCC_WARN_UNUSED_FUNCTION = YES;
				GCC_WARN_UNUSED_VARIABLE = YES;
				IPHONEOS_DEPLOYMENT_TARGET = 9.2;
				MTL_ENABLE_DEBUG_INFO = NO;
				SDKROOT = iphoneos;
				TARGETED_DEVICE_FAMILY = "1,2";
				VALIDATE_PRODUCT = YES;
			};
			name = Release;
		};
		D1F411FF1C3A527D00769E80 /* Debug */ = {
			isa = XCBuildConfiguration;
			buildSettings = {
				ASSETCATALOG_COMPILER_APPICON_NAME = AppIcon;
				HEADER_SEARCH_PATHS = (
					"$(inherited)",
					"\"${PODS_ROOT}/Headers/Public\"",
				);
				INFOPLIST_FILE = TestMetal2/Info.plist;
				LD_RUNPATH_SEARCH_PATHS = "$(inherited) @executable_path/Frameworks";
				OTHER_CFLAGS = "$(inherited)";
				OTHER_LDFLAGS = "$(inherited)";
				PRODUCT_BUNDLE_IDENTIFIER = com.palforsberg.TestMetal2;
				PRODUCT_NAME = "$(TARGET_NAME)";
				SWIFT_OBJC_BRIDGING_HEADER = "TestMetal2/TestMetal2-Bridging-Header.h";
			};
			name = Debug;
		};
		D1F412001C3A527D00769E80 /* Release */ = {
			isa = XCBuildConfiguration;
			buildSettings = {
				ASSETCATALOG_COMPILER_APPICON_NAME = AppIcon;
				HEADER_SEARCH_PATHS = (
					"$(inherited)",
					"\"${PODS_ROOT}/Headers/Public\"",
				);
				INFOPLIST_FILE = TestMetal2/Info.plist;
				LD_RUNPATH_SEARCH_PATHS = "$(inherited) @executable_path/Frameworks";
				OTHER_CFLAGS = "$(inherited)";
				OTHER_LDFLAGS = "$(inherited)";
				PRODUCT_BUNDLE_IDENTIFIER = com.palforsberg.TestMetal2;
				PRODUCT_NAME = "$(TARGET_NAME)";
				SWIFT_OBJC_BRIDGING_HEADER = "TestMetal2/TestMetal2-Bridging-Header.h";
			};
			name = Release;
		};
		D1F412021C3A527D00769E80 /* Debug */ = {
			isa = XCBuildConfiguration;
			buildSettings = {
				BUNDLE_LOADER = "$(TEST_HOST)";
				DEBUG_INFORMATION_FORMAT = dwarf;
				INFOPLIST_FILE = TestMetal2Tests/Info.plist;
				LD_RUNPATH_SEARCH_PATHS = "$(inherited) @executable_path/Frameworks @loader_path/Frameworks";
				PRODUCT_BUNDLE_IDENTIFIER = com.palforsberg.TestMetal2Tests;
				PRODUCT_NAME = "$(TARGET_NAME)";
				TEST_HOST = "$(BUILT_PRODUCTS_DIR)/TestMetal2.app/TestMetal2";
			};
			name = Debug;
		};
		D1F412031C3A527D00769E80 /* Release */ = {
			isa = XCBuildConfiguration;
			buildSettings = {
				BUNDLE_LOADER = "$(TEST_HOST)";
				INFOPLIST_FILE = TestMetal2Tests/Info.plist;
				LD_RUNPATH_SEARCH_PATHS = "$(inherited) @executable_path/Frameworks @loader_path/Frameworks";
				PRODUCT_BUNDLE_IDENTIFIER = com.palforsberg.TestMetal2Tests;
				PRODUCT_NAME = "$(TARGET_NAME)";
				TEST_HOST = "$(BUILT_PRODUCTS_DIR)/TestMetal2.app/TestMetal2";
			};
			name = Release;
		};
		D1F412051C3A527D00769E80 /* Debug */ = {
			isa = XCBuildConfiguration;
			buildSettings = {
				DEBUG_INFORMATION_FORMAT = dwarf;
				INFOPLIST_FILE = TestMetal2UITests/Info.plist;
				LD_RUNPATH_SEARCH_PATHS = "$(inherited) @executable_path/Frameworks @loader_path/Frameworks";
				PRODUCT_BUNDLE_IDENTIFIER = com.palforsberg.TestMetal2UITests;
				PRODUCT_NAME = "$(TARGET_NAME)";
				TEST_TARGET_NAME = TestMetal2;
				USES_XCTRUNNER = YES;
			};
			name = Debug;
		};
		D1F412061C3A527D00769E80 /* Release */ = {
			isa = XCBuildConfiguration;
			buildSettings = {
				INFOPLIST_FILE = TestMetal2UITests/Info.plist;
				LD_RUNPATH_SEARCH_PATHS = "$(inherited) @executable_path/Frameworks @loader_path/Frameworks";
				PRODUCT_BUNDLE_IDENTIFIER = com.palforsberg.TestMetal2UITests;
				PRODUCT_NAME = "$(TARGET_NAME)";
				TEST_TARGET_NAME = TestMetal2;
				USES_XCTRUNNER = YES;
			};
			name = Release;
		};
/* End XCBuildConfiguration section */

/* Begin XCConfigurationList section */
		D1F411CF1C3A527D00769E80 /* Build configuration list for PBXProject "TestMetal2" */ = {
			isa = XCConfigurationList;
			buildConfigurations = (
				D1F411FC1C3A527D00769E80 /* Debug */,
				D1F411FD1C3A527D00769E80 /* Release */,
			);
			defaultConfigurationIsVisible = 0;
			defaultConfigurationName = Release;
		};
		D1F411FE1C3A527D00769E80 /* Build configuration list for PBXNativeTarget "TestMetal2" */ = {
			isa = XCConfigurationList;
			buildConfigurations = (
				D1F411FF1C3A527D00769E80 /* Debug */,
				D1F412001C3A527D00769E80 /* Release */,
			);
			defaultConfigurationIsVisible = 0;
			defaultConfigurationName = Release;
		};
		D1F412011C3A527D00769E80 /* Build configuration list for PBXNativeTarget "TestMetal2Tests" */ = {
			isa = XCConfigurationList;
			buildConfigurations = (
				D1F412021C3A527D00769E80 /* Debug */,
				D1F412031C3A527D00769E80 /* Release */,
			);
			defaultConfigurationIsVisible = 0;
			defaultConfigurationName = Release;
		};
		D1F412041C3A527D00769E80 /* Build configuration list for PBXNativeTarget "TestMetal2UITests" */ = {
			isa = XCConfigurationList;
			buildConfigurations = (
				D1F412051C3A527D00769E80 /* Debug */,
				D1F412061C3A527D00769E80 /* Release */,
			);
			defaultConfigurationIsVisible = 0;
			defaultConfigurationName = Release;
		};
/* End XCConfigurationList section */
	};
	rootObject = D1F411CC1C3A527D00769E80 /* Project object */;
}
