// !$*UTF8*$!
{
	archiveVersion = 1;
	classes = {
	};
	objectVersion = 46;
	objects = {

/* Begin PBXBuildFile section */
		D1017DEF1C41597500CB6A5E /* SkeletonParser.swift in Sources */ = {isa = PBXBuildFile; fileRef = D1017DEE1C41597500CB6A5E /* SkeletonParser.swift */; };
		D11D1DB91C575FC700B8BA86 /* SkeletonAnimation.swift in Sources */ = {isa = PBXBuildFile; fileRef = D11D1DB81C575FC700B8BA86 /* SkeletonAnimation.swift */; };
		D11D1DBB1C58A64B00B8BA86 /* Player.swift in Sources */ = {isa = PBXBuildFile; fileRef = D11D1DBA1C58A64B00B8BA86 /* Player.swift */; };
		D11D1DBD1C58ADD700B8BA86 /* Cube.swift in Sources */ = {isa = PBXBuildFile; fileRef = D11D1DBC1C58ADD700B8BA86 /* Cube.swift */; };
		D13366701C68DBAE00007AEE /* LevelCell.xib in Resources */ = {isa = PBXBuildFile; fileRef = D133666F1C68DBAE00007AEE /* LevelCell.xib */; };
		D133667D1C6A237000007AEE /* Block_BottomRightLeft.png in Resources */ = {isa = PBXBuildFile; fileRef = D13366741C6A237000007AEE /* Block_BottomRightLeft.png */; };
		D133667E1C6A237000007AEE /* Block_BottomRightLeft.png in Resources */ = {isa = PBXBuildFile; fileRef = D13366741C6A237000007AEE /* Block_BottomRightLeft.png */; };
		D133667F1C6A237000007AEE /* Block_Left.png in Resources */ = {isa = PBXBuildFile; fileRef = D13366751C6A237000007AEE /* Block_Left.png */; };
		D13366801C6A237000007AEE /* Block_Left.png in Resources */ = {isa = PBXBuildFile; fileRef = D13366751C6A237000007AEE /* Block_Left.png */; };
		D13366811C6A237000007AEE /* Block_None.png in Resources */ = {isa = PBXBuildFile; fileRef = D13366761C6A237000007AEE /* Block_None.png */; };
		D13366821C6A237000007AEE /* Block_None.png in Resources */ = {isa = PBXBuildFile; fileRef = D13366761C6A237000007AEE /* Block_None.png */; };
		D13366831C6A237000007AEE /* Block_RightLeft.png in Resources */ = {isa = PBXBuildFile; fileRef = D13366771C6A237000007AEE /* Block_RightLeft.png */; };
		D13366841C6A237000007AEE /* Block_RightLeft.png in Resources */ = {isa = PBXBuildFile; fileRef = D13366771C6A237000007AEE /* Block_RightLeft.png */; };
		D13366871C6A237000007AEE /* Block_TopBottom.png in Resources */ = {isa = PBXBuildFile; fileRef = D13366791C6A237000007AEE /* Block_TopBottom.png */; };
		D13366881C6A237000007AEE /* Block_TopBottom.png in Resources */ = {isa = PBXBuildFile; fileRef = D13366791C6A237000007AEE /* Block_TopBottom.png */; };
		D13366891C6A237000007AEE /* Block_TopBottomLeft.png in Resources */ = {isa = PBXBuildFile; fileRef = D133667A1C6A237000007AEE /* Block_TopBottomLeft.png */; };
		D133668A1C6A237000007AEE /* Block_TopBottomLeft.png in Resources */ = {isa = PBXBuildFile; fileRef = D133667A1C6A237000007AEE /* Block_TopBottomLeft.png */; };
		D133668B1C6A237000007AEE /* Block_TopBottomRight.png in Resources */ = {isa = PBXBuildFile; fileRef = D133667B1C6A237000007AEE /* Block_TopBottomRight.png */; };
		D133668C1C6A237000007AEE /* Block_TopBottomRight.png in Resources */ = {isa = PBXBuildFile; fileRef = D133667B1C6A237000007AEE /* Block_TopBottomRight.png */; };
		D133668D1C6A237000007AEE /* Block_TopRightLeft.png in Resources */ = {isa = PBXBuildFile; fileRef = D133667C1C6A237000007AEE /* Block_TopRightLeft.png */; };
		D133668E1C6A237000007AEE /* Block_TopRightLeft.png in Resources */ = {isa = PBXBuildFile; fileRef = D133667C1C6A237000007AEE /* Block_TopRightLeft.png */; };
		D13366911C6A256800007AEE /* Block_Top.png in Resources */ = {isa = PBXBuildFile; fileRef = D13366901C6A256800007AEE /* Block_Top.png */; };
		D13366921C6A256800007AEE /* Block_Top.png in Resources */ = {isa = PBXBuildFile; fileRef = D13366901C6A256800007AEE /* Block_Top.png */; };
		D13366941C6A259A00007AEE /* Block_Right.png in Resources */ = {isa = PBXBuildFile; fileRef = D13366931C6A259A00007AEE /* Block_Right.png */; };
		D13366951C6A259A00007AEE /* Block_Right.png in Resources */ = {isa = PBXBuildFile; fileRef = D13366931C6A259A00007AEE /* Block_Right.png */; };
		D13366971C6A25CB00007AEE /* Block_Bottom.png in Resources */ = {isa = PBXBuildFile; fileRef = D13366961C6A25CB00007AEE /* Block_Bottom.png */; };
		D13366981C6A25CB00007AEE /* Block_Bottom.png in Resources */ = {isa = PBXBuildFile; fileRef = D13366961C6A25CB00007AEE /* Block_Bottom.png */; };
		D133669A1C6A265400007AEE /* Block_BottomLeft.png in Resources */ = {isa = PBXBuildFile; fileRef = D13366991C6A265400007AEE /* Block_BottomLeft.png */; };
		D133669B1C6A265400007AEE /* Block_BottomLeft.png in Resources */ = {isa = PBXBuildFile; fileRef = D13366991C6A265400007AEE /* Block_BottomLeft.png */; };
		D133669D1C6A268600007AEE /* Block_BottomRight.png in Resources */ = {isa = PBXBuildFile; fileRef = D133669C1C6A268600007AEE /* Block_BottomRight.png */; };
		D133669E1C6A268600007AEE /* Block_BottomRight.png in Resources */ = {isa = PBXBuildFile; fileRef = D133669C1C6A268600007AEE /* Block_BottomRight.png */; };
		D13366A11C6A26CD00007AEE /* Block_TopLeft.png in Resources */ = {isa = PBXBuildFile; fileRef = D133669F1C6A26CD00007AEE /* Block_TopLeft.png */; };
		D13366A21C6A26CD00007AEE /* Block_TopLeft.png in Resources */ = {isa = PBXBuildFile; fileRef = D133669F1C6A26CD00007AEE /* Block_TopLeft.png */; };
		D13366A31C6A26CD00007AEE /* Block_TopRight.png in Resources */ = {isa = PBXBuildFile; fileRef = D13366A01C6A26CD00007AEE /* Block_TopRight.png */; };
		D13366A41C6A26CD00007AEE /* Block_TopRight.png in Resources */ = {isa = PBXBuildFile; fileRef = D13366A01C6A26CD00007AEE /* Block_TopRight.png */; };
		D13366A61C6A27DB00007AEE /* Block_TopBottomRightLeft.png in Resources */ = {isa = PBXBuildFile; fileRef = D13366A51C6A27DB00007AEE /* Block_TopBottomRightLeft.png */; };
		D13366A71C6A27DB00007AEE /* Block_TopBottomRightLeft.png in Resources */ = {isa = PBXBuildFile; fileRef = D13366A51C6A27DB00007AEE /* Block_TopBottomRightLeft.png */; };
		D13366AC1C6B26EE00007AEE /* HitboxMesh.swift in Sources */ = {isa = PBXBuildFile; fileRef = D13366AB1C6B26EE00007AEE /* HitboxMesh.swift */; };
		D13366AD1C6B26EE00007AEE /* HitboxMesh.swift in Sources */ = {isa = PBXBuildFile; fileRef = D13366AB1C6B26EE00007AEE /* HitboxMesh.swift */; };
		D1453EF81C4CBE9C0008F8D5 /* LevelEditorViewController.swift in Sources */ = {isa = PBXBuildFile; fileRef = D1453EF71C4CBE9C0008F8D5 /* LevelEditorViewController.swift */; };
		D1453EFA1C4CBFBD0008F8D5 /* GridMesh.swift in Sources */ = {isa = PBXBuildFile; fileRef = D1453EF91C4CBFBD0008F8D5 /* GridMesh.swift */; };
		D1453EFE1C4CCFD40008F8D5 /* GridView.swift in Sources */ = {isa = PBXBuildFile; fileRef = D1453EFD1C4CCFD40008F8D5 /* GridView.swift */; };
		D1453F001C4D461D0008F8D5 /* GamePad.swift in Sources */ = {isa = PBXBuildFile; fileRef = D1453EFF1C4D461D0008F8D5 /* GamePad.swift */; };
		D1453F021C4D50480008F8D5 /* Object.swift in Sources */ = {isa = PBXBuildFile; fileRef = D1453F011C4D50480008F8D5 /* Object.swift */; };
		D15A1F7D1C5C8B13001F9081 /* GameWorld.swift in Sources */ = {isa = PBXBuildFile; fileRef = D15A1F7C1C5C8B13001F9081 /* GameWorld.swift */; };
		D15A1F7F1C5C9030001F9081 /* LevelSelectViewController.swift in Sources */ = {isa = PBXBuildFile; fileRef = D15A1F7E1C5C9030001F9081 /* LevelSelectViewController.swift */; };
		D15A1F811C5C943B001F9081 /* LevelCreator.swift in Sources */ = {isa = PBXBuildFile; fileRef = D15A1F801C5C943B001F9081 /* LevelCreator.swift */; };
		D15A1F821C5CB65E001F9081 /* LevelCreator.swift in Sources */ = {isa = PBXBuildFile; fileRef = D15A1F801C5C943B001F9081 /* LevelCreator.swift */; };
		D15A1F831C5CB662001F9081 /* LevelSelectViewController.swift in Sources */ = {isa = PBXBuildFile; fileRef = D15A1F7E1C5C9030001F9081 /* LevelSelectViewController.swift */; };
		D15A1F871C5E00CE001F9081 /* BoxEnemy.swift in Sources */ = {isa = PBXBuildFile; fileRef = D15A1F861C5E00CE001F9081 /* BoxEnemy.swift */; };
		D15A1F891C5E70AA001F9081 /* MovingPlatform.swift in Sources */ = {isa = PBXBuildFile; fileRef = D15A1F881C5E70AA001F9081 /* MovingPlatform.swift */; };
		D15A1F8B1C5F4E7F001F9081 /* Ghost.dae in Resources */ = {isa = PBXBuildFile; fileRef = D15A1F8A1C5F4E7F001F9081 /* Ghost.dae */; settings = {ATTRIBUTES = ("--decompress", ); }; };
		D15A1F8C1C5F4E8D001F9081 /* Ghost.dae in Resources */ = {isa = PBXBuildFile; fileRef = D15A1F8A1C5F4E7F001F9081 /* Ghost.dae */; settings = {ATTRIBUTES = ("--decompress", ); }; };
		D15A1F8E1C5F4EA9001F9081 /* Ghost.swift in Sources */ = {isa = PBXBuildFile; fileRef = D15A1F8D1C5F4EA9001F9081 /* Ghost.swift */; };
		D15A1F901C5F5771001F9081 /* Ghost.png in Resources */ = {isa = PBXBuildFile; fileRef = D15A1F8F1C5F5771001F9081 /* Ghost.png */; };
		D15A1F931C5FA947001F9081 /* MovingPlatform.dae in Resources */ = {isa = PBXBuildFile; fileRef = D15A1F911C5FA947001F9081 /* MovingPlatform.dae */; settings = {ATTRIBUTES = ("--decompress", ); }; };
		D15A1F941C5FA947001F9081 /* MovingPlatform.dae in Resources */ = {isa = PBXBuildFile; fileRef = D15A1F911C5FA947001F9081 /* MovingPlatform.dae */; settings = {ATTRIBUTES = ("--decompress", ); }; };
		D15A1F951C5FA947001F9081 /* MovingPlatform.png in Resources */ = {isa = PBXBuildFile; fileRef = D15A1F921C5FA947001F9081 /* MovingPlatform.png */; };
		D15A1F961C5FA947001F9081 /* MovingPlatform.png in Resources */ = {isa = PBXBuildFile; fileRef = D15A1F921C5FA947001F9081 /* MovingPlatform.png */; };
		D15A1F981C5FCA86001F9081 /* Enemy.swift in Sources */ = {isa = PBXBuildFile; fileRef = D15A1F971C5FCA86001F9081 /* Enemy.swift */; };
		D15A1F991C5FCA86001F9081 /* Enemy.swift in Sources */ = {isa = PBXBuildFile; fileRef = D15A1F971C5FCA86001F9081 /* Enemy.swift */; };
		D15A1F9B1C5FD4F5001F9081 /* TopObject.swift in Sources */ = {isa = PBXBuildFile; fileRef = D15A1F9A1C5FD4F5001F9081 /* TopObject.swift */; };
		D15A1F9C1C5FD4F5001F9081 /* TopObject.swift in Sources */ = {isa = PBXBuildFile; fileRef = D15A1F9A1C5FD4F5001F9081 /* TopObject.swift */; };
		D165D7E11C71B3E9002B39BE /* TabController.swift in Sources */ = {isa = PBXBuildFile; fileRef = D165D7E01C71B3E9002B39BE /* TabController.swift */; };
		D165D7E21C71B8F5002B39BE /* TabController.swift in Sources */ = {isa = PBXBuildFile; fileRef = D165D7E01C71B3E9002B39BE /* TabController.swift */; };
		D165D7E31C71B934002B39BE /* TabController.swift in Sources */ = {isa = PBXBuildFile; fileRef = D165D7E01C71B3E9002B39BE /* TabController.swift */; };
		D165D7E51C71B9AE002B39BE /* OptionsController.swift in Sources */ = {isa = PBXBuildFile; fileRef = D165D7E41C71B9AE002B39BE /* OptionsController.swift */; };
		D165D7E61C71B9AE002B39BE /* OptionsController.swift in Sources */ = {isa = PBXBuildFile; fileRef = D165D7E41C71B9AE002B39BE /* OptionsController.swift */; };
		D165D7E81C71BB02002B39BE /* StageSelectViewController.swift in Sources */ = {isa = PBXBuildFile; fileRef = D165D7E71C71BB02002B39BE /* StageSelectViewController.swift */; };
		D165D7E91C71BB02002B39BE /* StageSelectViewController.swift in Sources */ = {isa = PBXBuildFile; fileRef = D165D7E71C71BB02002B39BE /* StageSelectViewController.swift */; };
		D165D7EB1C71CDFF002B39BE /* ObjectCell.xib in Resources */ = {isa = PBXBuildFile; fileRef = D165D7EA1C71CDFF002B39BE /* ObjectCell.xib */; };
		D165D7EC1C71CDFF002B39BE /* ObjectCell.xib in Resources */ = {isa = PBXBuildFile; fileRef = D165D7EA1C71CDFF002B39BE /* ObjectCell.xib */; };
		D16EDABE1C6C8D53006F169B /* EditLevelFinishedViewController.swift in Sources */ = {isa = PBXBuildFile; fileRef = D16EDABD1C6C8D53006F169B /* EditLevelFinishedViewController.swift */; };
		D16EDABF1C6C8D53006F169B /* EditLevelFinishedViewController.swift in Sources */ = {isa = PBXBuildFile; fileRef = D16EDABD1C6C8D53006F169B /* EditLevelFinishedViewController.swift */; };
		D16EDAC11C6C99F7006F169B /* A Button.png in Resources */ = {isa = PBXBuildFile; fileRef = D16EDAC01C6C99F7006F169B /* A Button.png */; };
		D16EDAC21C6C99F7006F169B /* A Button.png in Resources */ = {isa = PBXBuildFile; fileRef = D16EDAC01C6C99F7006F169B /* A Button.png */; };
		D16EDAC41C6DD65B006F169B /* BlockFrameView.swift in Sources */ = {isa = PBXBuildFile; fileRef = D16EDAC31C6DD65B006F169B /* BlockFrameView.swift */; };
		D16EDAC51C6DD65B006F169B /* BlockFrameView.swift in Sources */ = {isa = PBXBuildFile; fileRef = D16EDAC31C6DD65B006F169B /* BlockFrameView.swift */; };
		D1754F031C5A4ADA00195C9D /* CloudConnect.swift in Sources */ = {isa = PBXBuildFile; fileRef = D1754F021C5A4ADA00195C9D /* CloudConnect.swift */; };
		D1754F091C5A4FA000195C9D /* CloudKit.framework in Frameworks */ = {isa = PBXBuildFile; fileRef = D1754F081C5A4FA000195C9D /* CloudKit.framework */; };
		D1754F0A1C5A537000195C9D /* CloudConnect.swift in Sources */ = {isa = PBXBuildFile; fileRef = D1754F021C5A4ADA00195C9D /* CloudConnect.swift */; };
		D1754F0C1C5A6EDC00195C9D /* Main.storyboard in Resources */ = {isa = PBXBuildFile; fileRef = D1754F0B1C5A6EDC00195C9D /* Main.storyboard */; };
		D17C4D1E1C48FD9F006E0BE1 /* RenderingObject.swift in Sources */ = {isa = PBXBuildFile; fileRef = D17C4D1D1C48FD9F006E0BE1 /* RenderingObject.swift */; };
		D17C4D221C4A62B2006E0BE1 /* Level.swift in Sources */ = {isa = PBXBuildFile; fileRef = D17C4D211C4A62B2006E0BE1 /* Level.swift */; };
		D196F8021C3D4A7F00A6E014 /* Repave.jpg in Resources */ = {isa = PBXBuildFile; fileRef = D196F8011C3D4A7F00A6E014 /* Repave.jpg */; };
		D19D7D3B1C64ACE900DD058A /* PauseTableView.swift in Sources */ = {isa = PBXBuildFile; fileRef = D19D7D3A1C64ACE900DD058A /* PauseTableView.swift */; };
		D19D7D3D1C64AE9700DD058A /* PauseTableViewCell.xib in Resources */ = {isa = PBXBuildFile; fileRef = D19D7D3C1C64AE9700DD058A /* PauseTableViewCell.xib */; };
		D19D7D421C65CCAC00DD058A /* GridObject.swift in Sources */ = {isa = PBXBuildFile; fileRef = D19D7D411C65CCAC00DD058A /* GridObject.swift */; };
		D19D7D441C66270400DD058A /* ObjectTableView.swift in Sources */ = {isa = PBXBuildFile; fileRef = D19D7D431C66270400DD058A /* ObjectTableView.swift */; };
		D19D7D481C6882AB00DD058A /* PlayViewController.swift in Sources */ = {isa = PBXBuildFile; fileRef = D19D7D471C6882AB00DD058A /* PlayViewController.swift */; };
		D1B91EF51C3BEA250013E330 /* CPP_Wrapper.m in Sources */ = {isa = PBXBuildFile; fileRef = D1B91EF41C3BEA250013E330 /* CPP_Wrapper.m */; };
		D1C2A1C01C6321AA0079A379 /* SkeletonHandler.swift in Sources */ = {isa = PBXBuildFile; fileRef = D1C2A1BF1C6321AA0079A379 /* SkeletonHandler.swift */; };
		D1C2A1C11C6324FF0079A379 /* SkeletonHandler.swift in Sources */ = {isa = PBXBuildFile; fileRef = D1C2A1BF1C6321AA0079A379 /* SkeletonHandler.swift */; };
		D1DC80261C3C069100B39AF2 /* TBXML.m in Sources */ = {isa = PBXBuildFile; fileRef = D1DC80251C3C069100B39AF2 /* TBXML.m */; };
		D1E90F721C60949E00B84A1A /* Shell.swift in Sources */ = {isa = PBXBuildFile; fileRef = D1E90F711C60949E00B84A1A /* Shell.swift */; };
		D1E90F741C609F1200B84A1A /* WallBounceEnemy.swift in Sources */ = {isa = PBXBuildFile; fileRef = D1E90F731C609F1200B84A1A /* WallBounceEnemy.swift */; };
		D1E90F771C60C07E00B84A1A /* Shell.swift in Sources */ = {isa = PBXBuildFile; fileRef = D1E90F711C60949E00B84A1A /* Shell.swift */; };
		D1E90F781C60C0BD00B84A1A /* WallBounceEnemy.swift in Sources */ = {isa = PBXBuildFile; fileRef = D1E90F731C609F1200B84A1A /* WallBounceEnemy.swift */; };
		D1E90F7A1C61117F00B84A1A /* CollisionMisc.swift in Sources */ = {isa = PBXBuildFile; fileRef = D1E90F791C61117F00B84A1A /* CollisionMisc.swift */; };
		D1E90F7B1C6112A600B84A1A /* CollisionMisc.swift in Sources */ = {isa = PBXBuildFile; fileRef = D1E90F791C61117F00B84A1A /* CollisionMisc.swift */; };
		D1EEF84F1C58C6C600CAFFC1 /* LittleBoy_fall.dae in Resources */ = {isa = PBXBuildFile; fileRef = D1EEF84A1C58C6C600CAFFC1 /* LittleBoy_fall.dae */; settings = {ATTRIBUTES = ("--decompress", ); }; };
		D1EEF8501C58C6C600CAFFC1 /* LittleBoy_jump.dae in Resources */ = {isa = PBXBuildFile; fileRef = D1EEF84B1C58C6C600CAFFC1 /* LittleBoy_jump.dae */; settings = {ATTRIBUTES = ("--decompress", ); }; };
		D1EEF8511C58C6C600CAFFC1 /* LittleBoy_resting.dae in Resources */ = {isa = PBXBuildFile; fileRef = D1EEF84C1C58C6C600CAFFC1 /* LittleBoy_resting.dae */; settings = {ATTRIBUTES = ("--decompress", ); }; };
		D1EEF8521C58C6C600CAFFC1 /* LittleBoy_wallSliding.dae in Resources */ = {isa = PBXBuildFile; fileRef = D1EEF84D1C58C6C600CAFFC1 /* LittleBoy_wallSliding.dae */; settings = {ATTRIBUTES = ("--decompress", ); }; };
		D1EEF8531C58C6C600CAFFC1 /* LittleBoy.dae in Resources */ = {isa = PBXBuildFile; fileRef = D1EEF84E1C58C6C600CAFFC1 /* LittleBoy.dae */; settings = {ATTRIBUTES = ("--decompress", ); }; };
		D1EEF8551C58C6CE00CAFFC1 /* Cube.dae in Resources */ = {isa = PBXBuildFile; fileRef = D1EEF8541C58C6CE00CAFFC1 /* Cube.dae */; settings = {ATTRIBUTES = ("--decompress", ); }; };
		D1EEF85E1C58D01400CAFFC1 /* AABB.swift in Sources */ = {isa = PBXBuildFile; fileRef = D1EEF85D1C58D01400CAFFC1 /* AABB.swift */; };
		D1EEF8601C59461D00CAFFC1 /* Texture.png in Resources */ = {isa = PBXBuildFile; fileRef = D1EEF85F1C59461D00CAFFC1 /* Texture.png */; };
		D1EEF8621C5A035300CAFFC1 /* TextureHandler.swift in Sources */ = {isa = PBXBuildFile; fileRef = D1EEF8611C5A035300CAFFC1 /* TextureHandler.swift */; };
		D1EEF8641C5A089600CAFFC1 /* Texture2.png in Resources */ = {isa = PBXBuildFile; fileRef = D1EEF8631C5A089600CAFFC1 /* Texture2.png */; };
		D1F411D81C3A527D00769E80 /* AppDelegate.swift in Sources */ = {isa = PBXBuildFile; fileRef = D1F411D71C3A527D00769E80 /* AppDelegate.swift */; };
		D1F411DA1C3A527D00769E80 /* GameViewController.swift in Sources */ = {isa = PBXBuildFile; fileRef = D1F411D91C3A527D00769E80 /* GameViewController.swift */; };
		D1F411DC1C3A527D00769E80 /* Shaders.metal in Sources */ = {isa = PBXBuildFile; fileRef = D1F411DB1C3A527D00769E80 /* Shaders.metal */; };
		D1F411E11C3A527D00769E80 /* Assets.xcassets in Resources */ = {isa = PBXBuildFile; fileRef = D1F411E01C3A527D00769E80 /* Assets.xcassets */; };
		D1F411EF1C3A527D00769E80 /* TestMetal2Tests.swift in Sources */ = {isa = PBXBuildFile; fileRef = D1F411EE1C3A527D00769E80 /* TestMetal2Tests.swift */; };
		D1F411FA1C3A527D00769E80 /* TestMetal2UITests.swift in Sources */ = {isa = PBXBuildFile; fileRef = D1F411F91C3A527D00769E80 /* TestMetal2UITests.swift */; };
		D1F4120A1C3A5C3700769E80 /* OBJModel.swift in Sources */ = {isa = PBXBuildFile; fileRef = D1F412091C3A5C3700769E80 /* OBJModel.swift */; };
		D1F4120E1C3A743D00769E80 /* Renderer.swift in Sources */ = {isa = PBXBuildFile; fileRef = D1F4120D1C3A743D00769E80 /* Renderer.swift */; };
		D1F412101C3A8B8700769E80 /* MetalView.swift in Sources */ = {isa = PBXBuildFile; fileRef = D1F4120F1C3A8B8700769E80 /* MetalView.swift */; };
		D1F412121C3A8D9700769E80 /* Model.swift in Sources */ = {isa = PBXBuildFile; fileRef = D1F412111C3A8D9700769E80 /* Model.swift */; };
		D1F412221C3ACCE600769E80 /* Camera.swift in Sources */ = {isa = PBXBuildFile; fileRef = D1F412211C3ACCE600769E80 /* Camera.swift */; };
		D1F412251C3AE5D500769E80 /* Mesh.swift in Sources */ = {isa = PBXBuildFile; fileRef = D1F412241C3AE5D500769E80 /* Mesh.swift */; };
		D1F412271C3AEDBE00769E80 /* Misc.swift in Sources */ = {isa = PBXBuildFile; fileRef = D1F412261C3AEDBE00769E80 /* Misc.swift */; };
		D1F412291C3AEEA700769E80 /* Geometry.swift in Sources */ = {isa = PBXBuildFile; fileRef = D1F412281C3AEEA700769E80 /* Geometry.swift */; };
		D1F4122B1C3B8FA400769E80 /* Graphics.swift in Sources */ = {isa = PBXBuildFile; fileRef = D1F4122A1C3B8FA400769E80 /* Graphics.swift */; };
		D1F4122E1C3B9C7200769E80 /* QuadTree.swift in Sources */ = {isa = PBXBuildFile; fileRef = D1F4122D1C3B9C7200769E80 /* QuadTree.swift */; };
		D1F412301C3BA9F900769E80 /* Settings.swift in Sources */ = {isa = PBXBuildFile; fileRef = D1F4122F1C3BA9F900769E80 /* Settings.swift */; };
		D1FA0DCD1C5A40A400CC431D /* Settings.swift in Sources */ = {isa = PBXBuildFile; fileRef = D1F4122F1C3BA9F900769E80 /* Settings.swift */; };
		D1FA0DCE1C5A40A400CC431D /* Level.swift in Sources */ = {isa = PBXBuildFile; fileRef = D17C4D211C4A62B2006E0BE1 /* Level.swift */; };
		D1FA0DCF1C5A40A400CC431D /* SkeletonAnimation.swift in Sources */ = {isa = PBXBuildFile; fileRef = D11D1DB81C575FC700B8BA86 /* SkeletonAnimation.swift */; };
		D1FA0DD01C5A40A400CC431D /* Camera.swift in Sources */ = {isa = PBXBuildFile; fileRef = D1F412211C3ACCE600769E80 /* Camera.swift */; };
		D1FA0DD11C5A40A400CC431D /* Player.swift in Sources */ = {isa = PBXBuildFile; fileRef = D11D1DBA1C58A64B00B8BA86 /* Player.swift */; };
		D1FA0DD21C5A40A400CC431D /* CPP_Wrapper.m in Sources */ = {isa = PBXBuildFile; fileRef = D1B91EF41C3BEA250013E330 /* CPP_Wrapper.m */; };
		D1FA0DD31C5A40A400CC431D /* Model.swift in Sources */ = {isa = PBXBuildFile; fileRef = D1F412111C3A8D9700769E80 /* Model.swift */; };
		D1FA0DD51C5A40A400CC431D /* MetalView.swift in Sources */ = {isa = PBXBuildFile; fileRef = D1F4120F1C3A8B8700769E80 /* MetalView.swift */; };
		D1FA0DD61C5A40A400CC431D /* Geometry.swift in Sources */ = {isa = PBXBuildFile; fileRef = D1F412281C3AEEA700769E80 /* Geometry.swift */; };
		D1FA0DD71C5A40A400CC431D /* QuadTree.swift in Sources */ = {isa = PBXBuildFile; fileRef = D1F4122D1C3B9C7200769E80 /* QuadTree.swift */; };
		D1FA0DD81C5A40A400CC431D /* Cube.swift in Sources */ = {isa = PBXBuildFile; fileRef = D11D1DBC1C58ADD700B8BA86 /* Cube.swift */; };
		D1FA0DD91C5A40A400CC431D /* TBXML.m in Sources */ = {isa = PBXBuildFile; fileRef = D1DC80251C3C069100B39AF2 /* TBXML.m */; };
		D1FA0DDA1C5A40A400CC431D /* Object.swift in Sources */ = {isa = PBXBuildFile; fileRef = D1453F011C4D50480008F8D5 /* Object.swift */; };
		D1FA0DDB1C5A40A400CC431D /* GridView.swift in Sources */ = {isa = PBXBuildFile; fileRef = D1453EFD1C4CCFD40008F8D5 /* GridView.swift */; };
		D1FA0DDC1C5A40A400CC431D /* Misc.swift in Sources */ = {isa = PBXBuildFile; fileRef = D1F412261C3AEDBE00769E80 /* Misc.swift */; };
		D1FA0DDD1C5A40A400CC431D /* Shaders.metal in Sources */ = {isa = PBXBuildFile; fileRef = D1F411DB1C3A527D00769E80 /* Shaders.metal */; };
		D1FA0DDE1C5A40A400CC431D /* OBJModel.swift in Sources */ = {isa = PBXBuildFile; fileRef = D1F412091C3A5C3700769E80 /* OBJModel.swift */; };
		D1FA0DDF1C5A40A400CC431D /* Skeleton.swift in Sources */ = {isa = PBXBuildFile; fileRef = D1FB18D91C3FEA99006032BC /* Skeleton.swift */; };
		D1FA0DE01C5A40A400CC431D /* AABB.swift in Sources */ = {isa = PBXBuildFile; fileRef = D1EEF85D1C58D01400CAFFC1 /* AABB.swift */; };
		D1FA0DE11C5A40A400CC431D /* GameViewController.swift in Sources */ = {isa = PBXBuildFile; fileRef = D1F411D91C3A527D00769E80 /* GameViewController.swift */; };
		D1FA0DE21C5A40A400CC431D /* GridMesh.swift in Sources */ = {isa = PBXBuildFile; fileRef = D1453EF91C4CBFBD0008F8D5 /* GridMesh.swift */; };
		D1FA0DE31C5A40A400CC431D /* Mesh.swift in Sources */ = {isa = PBXBuildFile; fileRef = D1F412241C3AE5D500769E80 /* Mesh.swift */; };
		D1FA0DE41C5A40A400CC431D /* RenderingObject.swift in Sources */ = {isa = PBXBuildFile; fileRef = D17C4D1D1C48FD9F006E0BE1 /* RenderingObject.swift */; };
		D1FA0DE51C5A40A400CC431D /* LevelEditorViewController.swift in Sources */ = {isa = PBXBuildFile; fileRef = D1453EF71C4CBE9C0008F8D5 /* LevelEditorViewController.swift */; };
		D1FA0DE61C5A40A400CC431D /* Renderer.swift in Sources */ = {isa = PBXBuildFile; fileRef = D1F4120D1C3A743D00769E80 /* Renderer.swift */; };
		D1FA0DE71C5A40A400CC431D /* GamePad.swift in Sources */ = {isa = PBXBuildFile; fileRef = D1453EFF1C4D461D0008F8D5 /* GamePad.swift */; };
		D1FA0DE81C5A40A400CC431D /* TextureHandler.swift in Sources */ = {isa = PBXBuildFile; fileRef = D1EEF8611C5A035300CAFFC1 /* TextureHandler.swift */; };
		D1FA0DE91C5A40A400CC431D /* AppDelegate.swift in Sources */ = {isa = PBXBuildFile; fileRef = D1F411D71C3A527D00769E80 /* AppDelegate.swift */; };
		D1FA0DEA1C5A40A400CC431D /* Graphics.swift in Sources */ = {isa = PBXBuildFile; fileRef = D1F4122A1C3B8FA400769E80 /* Graphics.swift */; };
		D1FA0DEB1C5A40A400CC431D /* SkeletonParser.swift in Sources */ = {isa = PBXBuildFile; fileRef = D1017DEE1C41597500CB6A5E /* SkeletonParser.swift */; };
		D1FA0DEE1C5A40A400CC431D /* LittleBoy_fall.dae in Resources */ = {isa = PBXBuildFile; fileRef = D1EEF84A1C58C6C600CAFFC1 /* LittleBoy_fall.dae */; settings = {ATTRIBUTES = ("--decompress", ); }; };
		D1FA0DF01C5A40A400CC431D /* Assets.xcassets in Resources */ = {isa = PBXBuildFile; fileRef = D1F411E01C3A527D00769E80 /* Assets.xcassets */; };
		D1FA0DF11C5A40A400CC431D /* Texture.png in Resources */ = {isa = PBXBuildFile; fileRef = D1EEF85F1C59461D00CAFFC1 /* Texture.png */; };
		D1FA0DF31C5A40A400CC431D /* Repave.jpg in Resources */ = {isa = PBXBuildFile; fileRef = D196F8011C3D4A7F00A6E014 /* Repave.jpg */; };
		D1FA0DF41C5A40A400CC431D /* Cube.dae in Resources */ = {isa = PBXBuildFile; fileRef = D1EEF8541C58C6CE00CAFFC1 /* Cube.dae */; settings = {ATTRIBUTES = ("--decompress", ); }; };
		D1FA0DF51C5A40A400CC431D /* LittleBoy_wallSliding.dae in Resources */ = {isa = PBXBuildFile; fileRef = D1EEF84D1C58C6C600CAFFC1 /* LittleBoy_wallSliding.dae */; settings = {ATTRIBUTES = ("--decompress", ); }; };
		D1FA0DF61C5A40A400CC431D /* LittleBoy.dae in Resources */ = {isa = PBXBuildFile; fileRef = D1EEF84E1C58C6C600CAFFC1 /* LittleBoy.dae */; settings = {ATTRIBUTES = ("--decompress", ); }; };
		D1FA0DF71C5A40A400CC431D /* LittleBoy_resting.dae in Resources */ = {isa = PBXBuildFile; fileRef = D1EEF84C1C58C6C600CAFFC1 /* LittleBoy_resting.dae */; settings = {ATTRIBUTES = ("--decompress", ); }; };
		D1FA0DF81C5A40A400CC431D /* Texture2.png in Resources */ = {isa = PBXBuildFile; fileRef = D1EEF8631C5A089600CAFFC1 /* Texture2.png */; };
		D1FA0DF91C5A40A400CC431D /* LittleBoy_jump.dae in Resources */ = {isa = PBXBuildFile; fileRef = D1EEF84B1C58C6C600CAFFC1 /* LittleBoy_jump.dae */; settings = {ATTRIBUTES = ("--decompress", ); }; };
		D1FA0E0B1C5A459100CC431D /* InfoTvOS.plist in Resources */ = {isa = PBXBuildFile; fileRef = D1FA0E0A1C5A459100CC431D /* InfoTvOS.plist */; };
		D1FB18DA1C3FEA99006032BC /* Skeleton.swift in Sources */ = {isa = PBXBuildFile; fileRef = D1FB18D91C3FEA99006032BC /* Skeleton.swift */; };
/* End PBXBuildFile section */

/* Begin PBXContainerItemProxy section */
		D1F411EB1C3A527D00769E80 /* PBXContainerItemProxy */ = {
			isa = PBXContainerItemProxy;
			containerPortal = D1F411CC1C3A527D00769E80 /* Project object */;
			proxyType = 1;
			remoteGlobalIDString = D1F411D31C3A527D00769E80;
			remoteInfo = TestMetal2;
		};
		D1F411F61C3A527D00769E80 /* PBXContainerItemProxy */ = {
			isa = PBXContainerItemProxy;
			containerPortal = D1F411CC1C3A527D00769E80 /* Project object */;
			proxyType = 1;
			remoteGlobalIDString = D1F411D31C3A527D00769E80;
			remoteInfo = TestMetal2;
		};
/* End PBXContainerItemProxy section */

/* Begin PBXFileReference section */
		D1017DEE1C41597500CB6A5E /* SkeletonParser.swift */ = {isa = PBXFileReference; fileEncoding = 4; lastKnownFileType = sourcecode.swift; path = SkeletonParser.swift; sourceTree = "<group>"; };
		D11D1DB81C575FC700B8BA86 /* SkeletonAnimation.swift */ = {isa = PBXFileReference; fileEncoding = 4; lastKnownFileType = sourcecode.swift; path = SkeletonAnimation.swift; sourceTree = "<group>"; };
		D11D1DBA1C58A64B00B8BA86 /* Player.swift */ = {isa = PBXFileReference; fileEncoding = 4; lastKnownFileType = sourcecode.swift; path = Player.swift; sourceTree = "<group>"; };
		D11D1DBC1C58ADD700B8BA86 /* Cube.swift */ = {isa = PBXFileReference; fileEncoding = 4; lastKnownFileType = sourcecode.swift; path = Cube.swift; sourceTree = "<group>"; };
		D133666F1C68DBAE00007AEE /* LevelCell.xib */ = {isa = PBXFileReference; fileEncoding = 4; lastKnownFileType = file.xib; path = LevelCell.xib; sourceTree = "<group>"; };
		D13366741C6A237000007AEE /* Block_BottomRightLeft.png */ = {isa = PBXFileReference; lastKnownFileType = image.png; name = Block_BottomRightLeft.png; path = ../../Blend/Block_BottomRightLeft.png; sourceTree = "<group>"; };
		D13366751C6A237000007AEE /* Block_Left.png */ = {isa = PBXFileReference; lastKnownFileType = image.png; name = Block_Left.png; path = ../../Blend/Block_Left.png; sourceTree = "<group>"; };
		D13366761C6A237000007AEE /* Block_None.png */ = {isa = PBXFileReference; lastKnownFileType = image.png; name = Block_None.png; path = ../../Blend/Block_None.png; sourceTree = "<group>"; };
		D13366771C6A237000007AEE /* Block_RightLeft.png */ = {isa = PBXFileReference; lastKnownFileType = image.png; name = Block_RightLeft.png; path = ../../Blend/Block_RightLeft.png; sourceTree = "<group>"; };
		D13366791C6A237000007AEE /* Block_TopBottom.png */ = {isa = PBXFileReference; lastKnownFileType = image.png; name = Block_TopBottom.png; path = ../../Blend/Block_TopBottom.png; sourceTree = "<group>"; };
		D133667A1C6A237000007AEE /* Block_TopBottomLeft.png */ = {isa = PBXFileReference; lastKnownFileType = image.png; name = Block_TopBottomLeft.png; path = ../../Blend/Block_TopBottomLeft.png; sourceTree = "<group>"; };
		D133667B1C6A237000007AEE /* Block_TopBottomRight.png */ = {isa = PBXFileReference; lastKnownFileType = image.png; name = Block_TopBottomRight.png; path = ../../Blend/Block_TopBottomRight.png; sourceTree = "<group>"; };
		D133667C1C6A237000007AEE /* Block_TopRightLeft.png */ = {isa = PBXFileReference; lastKnownFileType = image.png; name = Block_TopRightLeft.png; path = ../../Blend/Block_TopRightLeft.png; sourceTree = "<group>"; };
		D13366901C6A256800007AEE /* Block_Top.png */ = {isa = PBXFileReference; lastKnownFileType = image.png; name = Block_Top.png; path = ../../Blend/Block_Top.png; sourceTree = "<group>"; };
		D13366931C6A259A00007AEE /* Block_Right.png */ = {isa = PBXFileReference; lastKnownFileType = image.png; name = Block_Right.png; path = ../../Blend/Block_Right.png; sourceTree = "<group>"; };
		D13366961C6A25CB00007AEE /* Block_Bottom.png */ = {isa = PBXFileReference; lastKnownFileType = image.png; name = Block_Bottom.png; path = ../../Blend/Block_Bottom.png; sourceTree = "<group>"; };
		D13366991C6A265400007AEE /* Block_BottomLeft.png */ = {isa = PBXFileReference; lastKnownFileType = image.png; name = Block_BottomLeft.png; path = ../../Blend/Block_BottomLeft.png; sourceTree = "<group>"; };
		D133669C1C6A268600007AEE /* Block_BottomRight.png */ = {isa = PBXFileReference; lastKnownFileType = image.png; name = Block_BottomRight.png; path = ../../Blend/Block_BottomRight.png; sourceTree = "<group>"; };
		D133669F1C6A26CD00007AEE /* Block_TopLeft.png */ = {isa = PBXFileReference; lastKnownFileType = image.png; name = Block_TopLeft.png; path = ../../Blend/Block_TopLeft.png; sourceTree = "<group>"; };
		D13366A01C6A26CD00007AEE /* Block_TopRight.png */ = {isa = PBXFileReference; lastKnownFileType = image.png; name = Block_TopRight.png; path = ../../Blend/Block_TopRight.png; sourceTree = "<group>"; };
		D13366A51C6A27DB00007AEE /* Block_TopBottomRightLeft.png */ = {isa = PBXFileReference; lastKnownFileType = image.png; name = Block_TopBottomRightLeft.png; path = ../../Blend/Block_TopBottomRightLeft.png; sourceTree = "<group>"; };
		D13366AB1C6B26EE00007AEE /* HitboxMesh.swift */ = {isa = PBXFileReference; fileEncoding = 4; lastKnownFileType = sourcecode.swift; name = HitboxMesh.swift; path = ../HitboxMesh.swift; sourceTree = "<group>"; };
		D1453EF71C4CBE9C0008F8D5 /* LevelEditorViewController.swift */ = {isa = PBXFileReference; fileEncoding = 4; lastKnownFileType = sourcecode.swift; path = LevelEditorViewController.swift; sourceTree = "<group>"; };
		D1453EF91C4CBFBD0008F8D5 /* GridMesh.swift */ = {isa = PBXFileReference; fileEncoding = 4; lastKnownFileType = sourcecode.swift; path = GridMesh.swift; sourceTree = "<group>"; };
		D1453EFD1C4CCFD40008F8D5 /* GridView.swift */ = {isa = PBXFileReference; fileEncoding = 4; lastKnownFileType = sourcecode.swift; path = GridView.swift; sourceTree = "<group>"; };
		D1453EFF1C4D461D0008F8D5 /* GamePad.swift */ = {isa = PBXFileReference; fileEncoding = 4; lastKnownFileType = sourcecode.swift; path = GamePad.swift; sourceTree = "<group>"; };
		D1453F011C4D50480008F8D5 /* Object.swift */ = {isa = PBXFileReference; fileEncoding = 4; lastKnownFileType = sourcecode.swift; path = Object.swift; sourceTree = "<group>"; };
		D15A1F7C1C5C8B13001F9081 /* GameWorld.swift */ = {isa = PBXFileReference; fileEncoding = 4; lastKnownFileType = sourcecode.swift; path = GameWorld.swift; sourceTree = "<group>"; };
		D15A1F7E1C5C9030001F9081 /* LevelSelectViewController.swift */ = {isa = PBXFileReference; fileEncoding = 4; lastKnownFileType = sourcecode.swift; path = LevelSelectViewController.swift; sourceTree = "<group>"; };
		D15A1F801C5C943B001F9081 /* LevelCreator.swift */ = {isa = PBXFileReference; fileEncoding = 4; lastKnownFileType = sourcecode.swift; path = LevelCreator.swift; sourceTree = "<group>"; };
		D15A1F861C5E00CE001F9081 /* BoxEnemy.swift */ = {isa = PBXFileReference; fileEncoding = 4; lastKnownFileType = sourcecode.swift; path = BoxEnemy.swift; sourceTree = "<group>"; };
		D15A1F881C5E70AA001F9081 /* MovingPlatform.swift */ = {isa = PBXFileReference; fileEncoding = 4; lastKnownFileType = sourcecode.swift; path = MovingPlatform.swift; sourceTree = "<group>"; };
		D15A1F8A1C5F4E7F001F9081 /* Ghost.dae */ = {isa = PBXFileReference; fileEncoding = 4; lastKnownFileType = text.xml.dae; name = Ghost.dae; path = ../../Blend/Ghost.dae; sourceTree = "<group>"; };
		D15A1F8D1C5F4EA9001F9081 /* Ghost.swift */ = {isa = PBXFileReference; fileEncoding = 4; lastKnownFileType = sourcecode.swift; path = Ghost.swift; sourceTree = "<group>"; };
		D15A1F8F1C5F5771001F9081 /* Ghost.png */ = {isa = PBXFileReference; lastKnownFileType = image.png; name = Ghost.png; path = ../../Blend/Ghost.png; sourceTree = "<group>"; };
		D15A1F911C5FA947001F9081 /* MovingPlatform.dae */ = {isa = PBXFileReference; fileEncoding = 4; lastKnownFileType = text.xml.dae; name = MovingPlatform.dae; path = ../../Blend/MovingPlatform.dae; sourceTree = "<group>"; };
		D15A1F921C5FA947001F9081 /* MovingPlatform.png */ = {isa = PBXFileReference; lastKnownFileType = image.png; name = MovingPlatform.png; path = ../../Blend/MovingPlatform.png; sourceTree = "<group>"; };
		D15A1F971C5FCA86001F9081 /* Enemy.swift */ = {isa = PBXFileReference; fileEncoding = 4; lastKnownFileType = sourcecode.swift; path = Enemy.swift; sourceTree = "<group>"; };
		D15A1F9A1C5FD4F5001F9081 /* TopObject.swift */ = {isa = PBXFileReference; fileEncoding = 4; lastKnownFileType = sourcecode.swift; path = TopObject.swift; sourceTree = "<group>"; };
		D165D7E01C71B3E9002B39BE /* TabController.swift */ = {isa = PBXFileReference; fileEncoding = 4; lastKnownFileType = sourcecode.swift; name = TabController.swift; path = TestMetal2UITests/TabController.swift; sourceTree = SOURCE_ROOT; };
		D165D7E41C71B9AE002B39BE /* OptionsController.swift */ = {isa = PBXFileReference; fileEncoding = 4; lastKnownFileType = sourcecode.swift; path = OptionsController.swift; sourceTree = "<group>"; };
		D165D7E71C71BB02002B39BE /* StageSelectViewController.swift */ = {isa = PBXFileReference; fileEncoding = 4; lastKnownFileType = sourcecode.swift; path = StageSelectViewController.swift; sourceTree = "<group>"; };
		D165D7EA1C71CDFF002B39BE /* ObjectCell.xib */ = {isa = PBXFileReference; fileEncoding = 4; lastKnownFileType = file.xib; name = ObjectCell.xib; path = ../ObjectCell.xib; sourceTree = "<group>"; };
		D16EDABD1C6C8D53006F169B /* EditLevelFinishedViewController.swift */ = {isa = PBXFileReference; fileEncoding = 4; lastKnownFileType = sourcecode.swift; path = EditLevelFinishedViewController.swift; sourceTree = "<group>"; };
		D16EDAC01C6C99F7006F169B /* A Button.png */ = {isa = PBXFileReference; lastKnownFileType = image.png; name = "A Button.png"; path = "../../Blend/A Button.png"; sourceTree = "<group>"; };
		D16EDAC31C6DD65B006F169B /* BlockFrameView.swift */ = {isa = PBXFileReference; fileEncoding = 4; lastKnownFileType = sourcecode.swift; path = BlockFrameView.swift; sourceTree = "<group>"; };
		D1754F021C5A4ADA00195C9D /* CloudConnect.swift */ = {isa = PBXFileReference; fileEncoding = 4; lastKnownFileType = sourcecode.swift; path = CloudConnect.swift; sourceTree = "<group>"; };
		D1754F041C5A4B3300195C9D /* TestMetal2 tvOS.entitlements */ = {isa = PBXFileReference; lastKnownFileType = text.xml; path = "TestMetal2 tvOS.entitlements"; sourceTree = "<group>"; };
		D1754F071C5A4F9700195C9D /* TestMetal2.entitlements */ = {isa = PBXFileReference; lastKnownFileType = text.xml; name = TestMetal2.entitlements; path = TestMetal2/TestMetal2.entitlements; sourceTree = "<group>"; };
		D1754F081C5A4FA000195C9D /* CloudKit.framework */ = {isa = PBXFileReference; lastKnownFileType = wrapper.framework; name = CloudKit.framework; path = System/Library/Frameworks/CloudKit.framework; sourceTree = SDKROOT; };
		D1754F0B1C5A6EDC00195C9D /* Main.storyboard */ = {isa = PBXFileReference; fileEncoding = 4; lastKnownFileType = file.storyboard; name = Main.storyboard; path = ../TestMetal2/Main.storyboard; sourceTree = "<group>"; };
		D17C4D1D1C48FD9F006E0BE1 /* RenderingObject.swift */ = {isa = PBXFileReference; fileEncoding = 4; lastKnownFileType = sourcecode.swift; path = RenderingObject.swift; sourceTree = "<group>"; };
		D17C4D211C4A62B2006E0BE1 /* Level.swift */ = {isa = PBXFileReference; fileEncoding = 4; lastKnownFileType = sourcecode.swift; path = Level.swift; sourceTree = "<group>"; };
		D196F7EE1C3D1BF100A6E014 /* TBXML.h */ = {isa = PBXFileReference; lastKnownFileType = sourcecode.c.h; path = TBXML.h; sourceTree = "<group>"; };
		D196F8011C3D4A7F00A6E014 /* Repave.jpg */ = {isa = PBXFileReference; lastKnownFileType = image.jpeg; name = Repave.jpg; path = ../../../Pictures/Repave.jpg; sourceTree = "<group>"; };
		D19D7D3A1C64ACE900DD058A /* PauseTableView.swift */ = {isa = PBXFileReference; fileEncoding = 4; lastKnownFileType = sourcecode.swift; path = PauseTableView.swift; sourceTree = "<group>"; };
		D19D7D3C1C64AE9700DD058A /* PauseTableViewCell.xib */ = {isa = PBXFileReference; fileEncoding = 4; lastKnownFileType = file.xib; path = PauseTableViewCell.xib; sourceTree = "<group>"; };
		D19D7D411C65CCAC00DD058A /* GridObject.swift */ = {isa = PBXFileReference; fileEncoding = 4; lastKnownFileType = sourcecode.swift; path = GridObject.swift; sourceTree = "<group>"; };
		D19D7D431C66270400DD058A /* ObjectTableView.swift */ = {isa = PBXFileReference; fileEncoding = 4; lastKnownFileType = sourcecode.swift; path = ObjectTableView.swift; sourceTree = "<group>"; };
		D19D7D471C6882AB00DD058A /* PlayViewController.swift */ = {isa = PBXFileReference; fileEncoding = 4; lastKnownFileType = sourcecode.swift; name = PlayViewController.swift; path = ../PlayViewController.swift; sourceTree = "<group>"; };
		D1B91EF31C3BEA250013E330 /* CPP_Wrapper.h */ = {isa = PBXFileReference; fileEncoding = 4; lastKnownFileType = sourcecode.c.h; path = CPP_Wrapper.h; sourceTree = "<group>"; };
		D1B91EF41C3BEA250013E330 /* CPP_Wrapper.m */ = {isa = PBXFileReference; fileEncoding = 4; lastKnownFileType = sourcecode.c.objc; path = CPP_Wrapper.m; sourceTree = "<group>"; };
		D1B91EF61C3BEACE0013E330 /* TestMetal2-Bridging-Header.h */ = {isa = PBXFileReference; lastKnownFileType = sourcecode.c.h; path = "TestMetal2-Bridging-Header.h"; sourceTree = "<group>"; };
		D1C2A1BF1C6321AA0079A379 /* SkeletonHandler.swift */ = {isa = PBXFileReference; fileEncoding = 4; lastKnownFileType = sourcecode.swift; path = SkeletonHandler.swift; sourceTree = "<group>"; };
		D1DC80251C3C069100B39AF2 /* TBXML.m */ = {isa = PBXFileReference; fileEncoding = 4; lastKnownFileType = sourcecode.c.objc; path = TBXML.m; sourceTree = "<group>"; };
		D1E90F711C60949E00B84A1A /* Shell.swift */ = {isa = PBXFileReference; fileEncoding = 4; lastKnownFileType = sourcecode.swift; path = Shell.swift; sourceTree = "<group>"; };
		D1E90F731C609F1200B84A1A /* WallBounceEnemy.swift */ = {isa = PBXFileReference; fileEncoding = 4; lastKnownFileType = sourcecode.swift; path = WallBounceEnemy.swift; sourceTree = "<group>"; };
		D1E90F791C61117F00B84A1A /* CollisionMisc.swift */ = {isa = PBXFileReference; fileEncoding = 4; lastKnownFileType = sourcecode.swift; path = CollisionMisc.swift; sourceTree = "<group>"; };
		D1EEF84A1C58C6C600CAFFC1 /* LittleBoy_fall.dae */ = {isa = PBXFileReference; fileEncoding = 4; lastKnownFileType = text.xml.dae; name = LittleBoy_fall.dae; path = ../../Blend/LittleBoy_fall.dae; sourceTree = "<group>"; };
		D1EEF84B1C58C6C600CAFFC1 /* LittleBoy_jump.dae */ = {isa = PBXFileReference; fileEncoding = 4; lastKnownFileType = text.xml.dae; name = LittleBoy_jump.dae; path = ../../Blend/LittleBoy_jump.dae; sourceTree = "<group>"; };
		D1EEF84C1C58C6C600CAFFC1 /* LittleBoy_resting.dae */ = {isa = PBXFileReference; fileEncoding = 4; lastKnownFileType = text.xml.dae; name = LittleBoy_resting.dae; path = ../../Blend/LittleBoy_resting.dae; sourceTree = "<group>"; };
		D1EEF84D1C58C6C600CAFFC1 /* LittleBoy_wallSliding.dae */ = {isa = PBXFileReference; fileEncoding = 4; lastKnownFileType = text.xml.dae; name = LittleBoy_wallSliding.dae; path = ../../Blend/LittleBoy_wallSliding.dae; sourceTree = "<group>"; };
		D1EEF84E1C58C6C600CAFFC1 /* LittleBoy.dae */ = {isa = PBXFileReference; fileEncoding = 4; lastKnownFileType = text.xml.dae; name = LittleBoy.dae; path = ../../Blend/LittleBoy.dae; sourceTree = "<group>"; };
		D1EEF8541C58C6CE00CAFFC1 /* Cube.dae */ = {isa = PBXFileReference; fileEncoding = 4; lastKnownFileType = text.xml.dae; name = Cube.dae; path = ../../Blend/Cube.dae; sourceTree = "<group>"; };
		D1EEF85D1C58D01400CAFFC1 /* AABB.swift */ = {isa = PBXFileReference; fileEncoding = 4; lastKnownFileType = sourcecode.swift; path = AABB.swift; sourceTree = "<group>"; };
		D1EEF85F1C59461D00CAFFC1 /* Texture.png */ = {isa = PBXFileReference; lastKnownFileType = image.png; name = Texture.png; path = ../../Blend/Texture.png; sourceTree = "<group>"; };
		D1EEF8611C5A035300CAFFC1 /* TextureHandler.swift */ = {isa = PBXFileReference; fileEncoding = 4; lastKnownFileType = sourcecode.swift; path = TextureHandler.swift; sourceTree = "<group>"; };
		D1EEF8631C5A089600CAFFC1 /* Texture2.png */ = {isa = PBXFileReference; lastKnownFileType = image.png; name = Texture2.png; path = ../../Blend/Texture2.png; sourceTree = "<group>"; };
		D1F411D41C3A527D00769E80 /* TestMetal2.app */ = {isa = PBXFileReference; explicitFileType = wrapper.application; includeInIndex = 0; path = TestMetal2.app; sourceTree = BUILT_PRODUCTS_DIR; };
		D1F411D71C3A527D00769E80 /* AppDelegate.swift */ = {isa = PBXFileReference; lastKnownFileType = sourcecode.swift; path = AppDelegate.swift; sourceTree = "<group>"; };
		D1F411D91C3A527D00769E80 /* GameViewController.swift */ = {isa = PBXFileReference; lastKnownFileType = sourcecode.swift; path = GameViewController.swift; sourceTree = "<group>"; };
		D1F411DB1C3A527D00769E80 /* Shaders.metal */ = {isa = PBXFileReference; lastKnownFileType = sourcecode.metal; path = Shaders.metal; sourceTree = "<group>"; };
		D1F411E01C3A527D00769E80 /* Assets.xcassets */ = {isa = PBXFileReference; lastKnownFileType = folder.assetcatalog; path = Assets.xcassets; sourceTree = "<group>"; };
		D1F411E51C3A527D00769E80 /* Info.plist */ = {isa = PBXFileReference; lastKnownFileType = text.plist.xml; path = Info.plist; sourceTree = "<group>"; };
		D1F411EA1C3A527D00769E80 /* TestMetal2Tests.xctest */ = {isa = PBXFileReference; explicitFileType = wrapper.cfbundle; includeInIndex = 0; path = TestMetal2Tests.xctest; sourceTree = BUILT_PRODUCTS_DIR; };
		D1F411EE1C3A527D00769E80 /* TestMetal2Tests.swift */ = {isa = PBXFileReference; lastKnownFileType = sourcecode.swift; path = TestMetal2Tests.swift; sourceTree = "<group>"; };
		D1F411F01C3A527D00769E80 /* Info.plist */ = {isa = PBXFileReference; lastKnownFileType = text.plist.xml; path = Info.plist; sourceTree = "<group>"; };
		D1F411F51C3A527D00769E80 /* TestMetal2UITests.xctest */ = {isa = PBXFileReference; explicitFileType = wrapper.cfbundle; includeInIndex = 0; path = TestMetal2UITests.xctest; sourceTree = BUILT_PRODUCTS_DIR; };
		D1F411F91C3A527D00769E80 /* TestMetal2UITests.swift */ = {isa = PBXFileReference; lastKnownFileType = sourcecode.swift; path = TestMetal2UITests.swift; sourceTree = "<group>"; };
		D1F411FB1C3A527D00769E80 /* Info.plist */ = {isa = PBXFileReference; lastKnownFileType = text.plist.xml; path = Info.plist; sourceTree = "<group>"; };
		D1F412091C3A5C3700769E80 /* OBJModel.swift */ = {isa = PBXFileReference; fileEncoding = 4; lastKnownFileType = sourcecode.swift; path = OBJModel.swift; sourceTree = "<group>"; };
		D1F4120D1C3A743D00769E80 /* Renderer.swift */ = {isa = PBXFileReference; fileEncoding = 4; lastKnownFileType = sourcecode.swift; path = Renderer.swift; sourceTree = "<group>"; };
		D1F4120F1C3A8B8700769E80 /* MetalView.swift */ = {isa = PBXFileReference; fileEncoding = 4; lastKnownFileType = sourcecode.swift; path = MetalView.swift; sourceTree = "<group>"; };
		D1F412111C3A8D9700769E80 /* Model.swift */ = {isa = PBXFileReference; fileEncoding = 4; lastKnownFileType = sourcecode.swift; path = Model.swift; sourceTree = "<group>"; };
		D1F412211C3ACCE600769E80 /* Camera.swift */ = {isa = PBXFileReference; fileEncoding = 4; lastKnownFileType = sourcecode.swift; path = Camera.swift; sourceTree = "<group>"; };
		D1F412241C3AE5D500769E80 /* Mesh.swift */ = {isa = PBXFileReference; fileEncoding = 4; lastKnownFileType = sourcecode.swift; path = Mesh.swift; sourceTree = "<group>"; };
		D1F412261C3AEDBE00769E80 /* Misc.swift */ = {isa = PBXFileReference; fileEncoding = 4; lastKnownFileType = sourcecode.swift; path = Misc.swift; sourceTree = "<group>"; };
		D1F412281C3AEEA700769E80 /* Geometry.swift */ = {isa = PBXFileReference; fileEncoding = 4; lastKnownFileType = sourcecode.swift; path = Geometry.swift; sourceTree = "<group>"; };
		D1F4122A1C3B8FA400769E80 /* Graphics.swift */ = {isa = PBXFileReference; fileEncoding = 4; lastKnownFileType = sourcecode.swift; path = Graphics.swift; sourceTree = "<group>"; };
		D1F4122D1C3B9C7200769E80 /* QuadTree.swift */ = {isa = PBXFileReference; fileEncoding = 4; lastKnownFileType = sourcecode.swift; path = QuadTree.swift; sourceTree = "<group>"; };
		D1F4122F1C3BA9F900769E80 /* Settings.swift */ = {isa = PBXFileReference; fileEncoding = 4; lastKnownFileType = sourcecode.swift; path = Settings.swift; sourceTree = "<group>"; };
		D1FA0DFD1C5A40A400CC431D /* TestMetal2 tvOS.app */ = {isa = PBXFileReference; explicitFileType = wrapper.application; includeInIndex = 0; path = "TestMetal2 tvOS.app"; sourceTree = BUILT_PRODUCTS_DIR; };
		D1FA0DFE1C5A40A400CC431D /* TestMetal2 copy-Info.plist */ = {isa = PBXFileReference; lastKnownFileType = text.plist.xml; name = "TestMetal2 copy-Info.plist"; path = "/Users/palforsberg/Desktop/TestMetal2/TestMetal2 copy-Info.plist"; sourceTree = "<absolute>"; };
		D1FA0E0A1C5A459100CC431D /* InfoTvOS.plist */ = {isa = PBXFileReference; fileEncoding = 4; lastKnownFileType = text.plist.xml; path = InfoTvOS.plist; sourceTree = SOURCE_ROOT; };
		D1FB18D91C3FEA99006032BC /* Skeleton.swift */ = {isa = PBXFileReference; fileEncoding = 4; lastKnownFileType = sourcecode.swift; path = Skeleton.swift; sourceTree = "<group>"; };
/* End PBXFileReference section */

/* Begin PBXFrameworksBuildPhase section */
		D1F411D11C3A527D00769E80 /* Frameworks */ = {
			isa = PBXFrameworksBuildPhase;
			buildActionMask = 2147483647;
			files = (
				D1754F091C5A4FA000195C9D /* CloudKit.framework in Frameworks */,
			);
			runOnlyForDeploymentPostprocessing = 0;
		};
		D1F411E71C3A527D00769E80 /* Frameworks */ = {
			isa = PBXFrameworksBuildPhase;
			buildActionMask = 2147483647;
			files = (
			);
			runOnlyForDeploymentPostprocessing = 0;
		};
		D1F411F21C3A527D00769E80 /* Frameworks */ = {
			isa = PBXFrameworksBuildPhase;
			buildActionMask = 2147483647;
			files = (
			);
			runOnlyForDeploymentPostprocessing = 0;
		};
		D1FA0DEC1C5A40A400CC431D /* Frameworks */ = {
			isa = PBXFrameworksBuildPhase;
			buildActionMask = 2147483647;
			files = (
			);
			runOnlyForDeploymentPostprocessing = 0;
		};
/* End PBXFrameworksBuildPhase section */

/* Begin PBXGroup section */
		B2A72B35AFD8FF5A3C3D385E /* Frameworks */ = {
			isa = PBXGroup;
			children = (
				D1754F081C5A4FA000195C9D /* CloudKit.framework */,
			);
			name = Frameworks;
			sourceTree = "<group>";
		};
		D133668F1C6A237400007AEE /* Block */ = {
			isa = PBXGroup;
			children = (
				D133669F1C6A26CD00007AEE /* Block_TopLeft.png */,
				D13366A51C6A27DB00007AEE /* Block_TopBottomRightLeft.png */,
				D13366A01C6A26CD00007AEE /* Block_TopRight.png */,
				D133669C1C6A268600007AEE /* Block_BottomRight.png */,
				D13366961C6A25CB00007AEE /* Block_Bottom.png */,
				D13366931C6A259A00007AEE /* Block_Right.png */,
				D13366901C6A256800007AEE /* Block_Top.png */,
				D13366741C6A237000007AEE /* Block_BottomRightLeft.png */,
				D13366751C6A237000007AEE /* Block_Left.png */,
				D13366761C6A237000007AEE /* Block_None.png */,
				D13366771C6A237000007AEE /* Block_RightLeft.png */,
				D13366791C6A237000007AEE /* Block_TopBottom.png */,
				D133667A1C6A237000007AEE /* Block_TopBottomLeft.png */,
				D133667B1C6A237000007AEE /* Block_TopBottomRight.png */,
				D133667C1C6A237000007AEE /* Block_TopRightLeft.png */,
				D13366991C6A265400007AEE /* Block_BottomLeft.png */,
			);
			name = Block;
			sourceTree = "<group>";
		};
		D1E90F751C60A29500B84A1A /* Enemies */ = {
			isa = PBXGroup;
			children = (
				D15A1F971C5FCA86001F9081 /* Enemy.swift */,
				D1E90F731C609F1200B84A1A /* WallBounceEnemy.swift */,
				D1E90F711C60949E00B84A1A /* Shell.swift */,
				D15A1F861C5E00CE001F9081 /* BoxEnemy.swift */,
				D15A1F8D1C5F4EA9001F9081 /* Ghost.swift */,
			);
			name = Enemies;
			sourceTree = "<group>";
		};
		D1E90F761C60A29F00B84A1A /* Objects */ = {
			isa = PBXGroup;
			children = (
				D15A1F881C5E70AA001F9081 /* MovingPlatform.swift */,
				D15A1F9A1C5FD4F5001F9081 /* TopObject.swift */,
				D11D1DBC1C58ADD700B8BA86 /* Cube.swift */,
				D19D7D411C65CCAC00DD058A /* GridObject.swift */,
			);
			name = Objects;
			sourceTree = "<group>";
		};
		D1EEF8561C58CC5100CAFFC1 /* Objects */ = {
			isa = PBXGroup;
			children = (
				D1453F011C4D50480008F8D5 /* Object.swift */,
				D1F412111C3A8D9700769E80 /* Model.swift */,
				D11D1DBA1C58A64B00B8BA86 /* Player.swift */,
				D1E90F761C60A29F00B84A1A /* Objects */,
				D1E90F751C60A29500B84A1A /* Enemies */,
				D1FB18D91C3FEA99006032BC /* Skeleton.swift */,
				D11D1DB81C575FC700B8BA86 /* SkeletonAnimation.swift */,
				D1C2A1BF1C6321AA0079A379 /* SkeletonHandler.swift */,
				D1EEF8581C58CC7600CAFFC1 /* Parsing */,
			);
			name = Objects;
			sourceTree = "<group>";
		};
		D1EEF8571C58CC6900CAFFC1 /* Rendering */ = {
			isa = PBXGroup;
			children = (
				D1F4122A1C3B8FA400769E80 /* Graphics.swift */,
				D1F412211C3ACCE600769E80 /* Camera.swift */,
				D1F412241C3AE5D500769E80 /* Mesh.swift */,
				D1453EF91C4CBFBD0008F8D5 /* GridMesh.swift */,
				D13366AB1C6B26EE00007AEE /* HitboxMesh.swift */,
				D1F4120D1C3A743D00769E80 /* Renderer.swift */,
				D1EEF8611C5A035300CAFFC1 /* TextureHandler.swift */,
				D17C4D1D1C48FD9F006E0BE1 /* RenderingObject.swift */,
				D1F4120F1C3A8B8700769E80 /* MetalView.swift */,
				D1F411DB1C3A527D00769E80 /* Shaders.metal */,
			);
			name = Rendering;
			sourceTree = "<group>";
		};
		D1EEF8581C58CC7600CAFFC1 /* Parsing */ = {
			isa = PBXGroup;
			children = (
				D1017DEE1C41597500CB6A5E /* SkeletonParser.swift */,
				D1F412091C3A5C3700769E80 /* OBJModel.swift */,
			);
			name = Parsing;
			sourceTree = "<group>";
		};
		D1EEF8591C58CC9800CAFFC1 /* XML */ = {
			isa = PBXGroup;
			children = (
				D1B91EF61C3BEACE0013E330 /* TestMetal2-Bridging-Header.h */,
				D196F7EE1C3D1BF100A6E014 /* TBXML.h */,
				D1DC80251C3C069100B39AF2 /* TBXML.m */,
				D1B91EF31C3BEA250013E330 /* CPP_Wrapper.h */,
				D1B91EF41C3BEA250013E330 /* CPP_Wrapper.m */,
			);
			name = XML;
			sourceTree = "<group>";
		};
		D1EEF85A1C58CCB600CAFFC1 /* Misc */ = {
			isa = PBXGroup;
			children = (
				D1F412261C3AEDBE00769E80 /* Misc.swift */,
				D1E90F791C61117F00B84A1A /* CollisionMisc.swift */,
				D1F412281C3AEEA700769E80 /* Geometry.swift */,
				D1EEF85D1C58D01400CAFFC1 /* AABB.swift */,
			);
			name = Misc;
			sourceTree = "<group>";
		};
		D1EEF85B1C58CCE300CAFFC1 /* LevelCreator */ = {
			isa = PBXGroup;
			children = (
				D1453EF71C4CBE9C0008F8D5 /* LevelEditorViewController.swift */,
				D16EDABD1C6C8D53006F169B /* EditLevelFinishedViewController.swift */,
				D165D7E41C71B9AE002B39BE /* OptionsController.swift */,
				D16EDAC31C6DD65B006F169B /* BlockFrameView.swift */,
				D19D7D431C66270400DD058A /* ObjectTableView.swift */,
				D165D7EA1C71CDFF002B39BE /* ObjectCell.xib */,
				D15A1F7E1C5C9030001F9081 /* LevelSelectViewController.swift */,
				D133666F1C68DBAE00007AEE /* LevelCell.xib */,
				D1453EFD1C4CCFD40008F8D5 /* GridView.swift */,
				D17C4D211C4A62B2006E0BE1 /* Level.swift */,
				D15A1F801C5C943B001F9081 /* LevelCreator.swift */,
				D1754F021C5A4ADA00195C9D /* CloudConnect.swift */,
			);
			name = LevelCreator;
			sourceTree = "<group>";
		};
		D1EEF85C1C58CFFC00CAFFC1 /* Assets */ = {
			isa = PBXGroup;
			children = (
				D133668F1C6A237400007AEE /* Block */,
				D15A1F911C5FA947001F9081 /* MovingPlatform.dae */,
				D15A1F921C5FA947001F9081 /* MovingPlatform.png */,
				D15A1F8A1C5F4E7F001F9081 /* Ghost.dae */,
				D15A1F8F1C5F5771001F9081 /* Ghost.png */,
				D1EEF8631C5A089600CAFFC1 /* Texture2.png */,
				D1EEF85F1C59461D00CAFFC1 /* Texture.png */,
				D196F8011C3D4A7F00A6E014 /* Repave.jpg */,
				D1EEF84A1C58C6C600CAFFC1 /* LittleBoy_fall.dae */,
				D1EEF84B1C58C6C600CAFFC1 /* LittleBoy_jump.dae */,
				D1EEF84C1C58C6C600CAFFC1 /* LittleBoy_resting.dae */,
				D1EEF84D1C58C6C600CAFFC1 /* LittleBoy_wallSliding.dae */,
				D1EEF84E1C58C6C600CAFFC1 /* LittleBoy.dae */,
				D16EDAC01C6C99F7006F169B /* A Button.png */,
				D1EEF8541C58C6CE00CAFFC1 /* Cube.dae */,
			);
			name = Assets;
			sourceTree = "<group>";
		};
		D1F411CB1C3A527D00769E80 = {
			isa = PBXGroup;
			children = (
				D1F411D61C3A527D00769E80 /* TestMetal2 */,
				D1F411ED1C3A527D00769E80 /* TestMetal2Tests */,
				D1F411F81C3A527D00769E80 /* TestMetal2UITests */,
				D1F411D51C3A527D00769E80 /* Products */,
				B2A72B35AFD8FF5A3C3D385E /* Frameworks */,
				D1FA0DFE1C5A40A400CC431D /* TestMetal2 copy-Info.plist */,
				D1754F041C5A4B3300195C9D /* TestMetal2 tvOS.entitlements */,
				D1754F071C5A4F9700195C9D /* TestMetal2.entitlements */,
			);
			sourceTree = "<group>";
		};
		D1F411D51C3A527D00769E80 /* Products */ = {
			isa = PBXGroup;
			children = (
				D1F411D41C3A527D00769E80 /* TestMetal2.app */,
				D1F411EA1C3A527D00769E80 /* TestMetal2Tests.xctest */,
				D1F411F51C3A527D00769E80 /* TestMetal2UITests.xctest */,
				D1FA0DFD1C5A40A400CC431D /* TestMetal2 tvOS.app */,
			);
			name = Products;
			sourceTree = "<group>";
		};
		D1F411D61C3A527D00769E80 /* TestMetal2 */ = {
			isa = PBXGroup;
			children = (
				D1F411D71C3A527D00769E80 /* AppDelegate.swift */,
				D1EEF85B1C58CCE300CAFFC1 /* LevelCreator */,
				D1453EFF1C4D461D0008F8D5 /* GamePad.swift */,
				D165D7E01C71B3E9002B39BE /* TabController.swift */,
				D165D7E71C71BB02002B39BE /* StageSelectViewController.swift */,
				D1F411D91C3A527D00769E80 /* GameViewController.swift */,
				D19D7D471C6882AB00DD058A /* PlayViewController.swift */,
				D19D7D3A1C64ACE900DD058A /* PauseTableView.swift */,
				D19D7D3C1C64AE9700DD058A /* PauseTableViewCell.xib */,
				D15A1F7C1C5C8B13001F9081 /* GameWorld.swift */,
				D1F4122F1C3BA9F900769E80 /* Settings.swift */,
				D1F4122D1C3B9C7200769E80 /* QuadTree.swift */,
				D1EEF8561C58CC5100CAFFC1 /* Objects */,
				D1F4122C1C3B946900769E80 /* Graphics */,
				D1EEF85A1C58CCB600CAFFC1 /* Misc */,
				D1EEF8591C58CC9800CAFFC1 /* XML */,
				D1F411E01C3A527D00769E80 /* Assets.xcassets */,
				D1F411E51C3A527D00769E80 /* Info.plist */,
				D1FA0E0A1C5A459100CC431D /* InfoTvOS.plist */,
				D1EEF85C1C58CFFC00CAFFC1 /* Assets */,
			);
			path = TestMetal2;
			sourceTree = "<group>";
		};
		D1F411ED1C3A527D00769E80 /* TestMetal2Tests */ = {
			isa = PBXGroup;
			children = (
				D1F411EE1C3A527D00769E80 /* TestMetal2Tests.swift */,
				D1F411F01C3A527D00769E80 /* Info.plist */,
			);
			path = TestMetal2Tests;
			sourceTree = "<group>";
		};
		D1F411F81C3A527D00769E80 /* TestMetal2UITests */ = {
			isa = PBXGroup;
			children = (
				D1F411F91C3A527D00769E80 /* TestMetal2UITests.swift */,
				D1F411FB1C3A527D00769E80 /* Info.plist */,
				D1754F0B1C5A6EDC00195C9D /* Main.storyboard */,
			);
			path = TestMetal2UITests;
			sourceTree = "<group>";
		};
		D1F4122C1C3B946900769E80 /* Graphics */ = {
			isa = PBXGroup;
			children = (
				D1EEF8571C58CC6900CAFFC1 /* Rendering */,
			);
			name = Graphics;
			sourceTree = "<group>";
		};
/* End PBXGroup section */

/* Begin PBXNativeTarget section */
		D1F411D31C3A527D00769E80 /* TestMetal2 */ = {
			isa = PBXNativeTarget;
			buildConfigurationList = D1F411FE1C3A527D00769E80 /* Build configuration list for PBXNativeTarget "TestMetal2" */;
			buildPhases = (
				D1F411D01C3A527D00769E80 /* Sources */,
				D1F411D11C3A527D00769E80 /* Frameworks */,
				D1F411D21C3A527D00769E80 /* Resources */,
			);
			buildRules = (
			);
			dependencies = (
			);
			name = TestMetal2;
			productName = TestMetal2;
			productReference = D1F411D41C3A527D00769E80 /* TestMetal2.app */;
			productType = "com.apple.product-type.application";
		};
		D1F411E91C3A527D00769E80 /* TestMetal2Tests */ = {
			isa = PBXNativeTarget;
			buildConfigurationList = D1F412011C3A527D00769E80 /* Build configuration list for PBXNativeTarget "TestMetal2Tests" */;
			buildPhases = (
				778ADBCDBA3D943DE41FE6DD /* Check Pods Manifest.lock */,
				D1F411E61C3A527D00769E80 /* Sources */,
				D1F411E71C3A527D00769E80 /* Frameworks */,
				D1F411E81C3A527D00769E80 /* Resources */,
				BB06A9018FBE89C9F1CE1AC6 /* Embed Pods Frameworks */,
				53C4272EE9E5A1346B7D759E /* Copy Pods Resources */,
			);
			buildRules = (
			);
			dependencies = (
				D1F411EC1C3A527D00769E80 /* PBXTargetDependency */,
			);
			name = TestMetal2Tests;
			productName = TestMetal2Tests;
			productReference = D1F411EA1C3A527D00769E80 /* TestMetal2Tests.xctest */;
			productType = "com.apple.product-type.bundle.unit-test";
		};
		D1F411F41C3A527D00769E80 /* TestMetal2UITests */ = {
			isa = PBXNativeTarget;
			buildConfigurationList = D1F412041C3A527D00769E80 /* Build configuration list for PBXNativeTarget "TestMetal2UITests" */;
			buildPhases = (
				DB935BE006820DE59280F13A /* Check Pods Manifest.lock */,
				D1F411F11C3A527D00769E80 /* Sources */,
				D1F411F21C3A527D00769E80 /* Frameworks */,
				D1F411F31C3A527D00769E80 /* Resources */,
				86B91868C8B86E6AB97AA89E /* Copy Pods Resources */,
			);
			buildRules = (
			);
			dependencies = (
				D1F411F71C3A527D00769E80 /* PBXTargetDependency */,
			);
			name = TestMetal2UITests;
			productName = TestMetal2UITests;
			productReference = D1F411F51C3A527D00769E80 /* TestMetal2UITests.xctest */;
			productType = "com.apple.product-type.bundle.ui-testing";
		};
		D1FA0DCB1C5A40A400CC431D /* TestMetal2 tvOS */ = {
			isa = PBXNativeTarget;
			buildConfigurationList = D1FA0DFA1C5A40A400CC431D /* Build configuration list for PBXNativeTarget "TestMetal2 tvOS" */;
			buildPhases = (
				D1FA0DCC1C5A40A400CC431D /* Sources */,
				D1FA0DEC1C5A40A400CC431D /* Frameworks */,
				D1FA0DED1C5A40A400CC431D /* Resources */,
			);
			buildRules = (
			);
			dependencies = (
			);
			name = "TestMetal2 tvOS";
			productName = TestMetal2;
			productReference = D1FA0DFD1C5A40A400CC431D /* TestMetal2 tvOS.app */;
			productType = "com.apple.product-type.application";
		};
/* End PBXNativeTarget section */

/* Begin PBXProject section */
		D1F411CC1C3A527D00769E80 /* Project object */ = {
			isa = PBXProject;
			attributes = {
				LastSwiftUpdateCheck = 0720;
				LastUpgradeCheck = 0720;
				ORGANIZATIONNAME = "Pål Forsberg";
				TargetAttributes = {
					D1F411D31C3A527D00769E80 = {
						CreatedOnToolsVersion = 7.2;
						DevelopmentTeam = 3LK2DRBJ29;
						SystemCapabilities = {
							com.apple.iCloud = {
								enabled = 1;
							};
						};
					};
					D1F411E91C3A527D00769E80 = {
						CreatedOnToolsVersion = 7.2;
						TestTargetID = D1F411D31C3A527D00769E80;
					};
					D1F411F41C3A527D00769E80 = {
						CreatedOnToolsVersion = 7.2;
						TestTargetID = D1F411D31C3A527D00769E80;
					};
					D1FA0DCB1C5A40A400CC431D = {
						DevelopmentTeam = 3LK2DRBJ29;
						SystemCapabilities = {
							com.apple.iCloud = {
								enabled = 1;
							};
						};
					};
				};
			};
			buildConfigurationList = D1F411CF1C3A527D00769E80 /* Build configuration list for PBXProject "TestMetal2" */;
			compatibilityVersion = "Xcode 3.2";
			developmentRegion = English;
			hasScannedForEncodings = 0;
			knownRegions = (
				en,
				Base,
			);
			mainGroup = D1F411CB1C3A527D00769E80;
			productRefGroup = D1F411D51C3A527D00769E80 /* Products */;
			projectDirPath = "";
			projectRoot = "";
			targets = (
				D1F411D31C3A527D00769E80 /* TestMetal2 */,
				D1F411E91C3A527D00769E80 /* TestMetal2Tests */,
				D1F411F41C3A527D00769E80 /* TestMetal2UITests */,
				D1FA0DCB1C5A40A400CC431D /* TestMetal2 tvOS */,
			);
		};
/* End PBXProject section */

/* Begin PBXResourcesBuildPhase section */
		D1F411D21C3A527D00769E80 /* Resources */ = {
			isa = PBXResourcesBuildPhase;
			buildActionMask = 2147483647;
			files = (
				D16EDAC11C6C99F7006F169B /* A Button.png in Resources */,
				D13366A31C6A26CD00007AEE /* Block_TopRight.png in Resources */,
				D1EEF84F1C58C6C600CAFFC1 /* LittleBoy_fall.dae in Resources */,
				D1F411E11C3A527D00769E80 /* Assets.xcassets in Resources */,
				D1EEF8601C59461D00CAFFC1 /* Texture.png in Resources */,
				D133668D1C6A237000007AEE /* Block_TopRightLeft.png in Resources */,
				D13366971C6A25CB00007AEE /* Block_Bottom.png in Resources */,
				D133669D1C6A268600007AEE /* Block_BottomRight.png in Resources */,
				D1754F0C1C5A6EDC00195C9D /* Main.storyboard in Resources */,
				D19D7D3D1C64AE9700DD058A /* PauseTableViewCell.xib in Resources */,
				D13366871C6A237000007AEE /* Block_TopBottom.png in Resources */,
				D196F8021C3D4A7F00A6E014 /* Repave.jpg in Resources */,
				D13366811C6A237000007AEE /* Block_None.png in Resources */,
				D13366831C6A237000007AEE /* Block_RightLeft.png in Resources */,
				D13366A61C6A27DB00007AEE /* Block_TopBottomRightLeft.png in Resources */,
				D13366911C6A256800007AEE /* Block_Top.png in Resources */,
				D1EEF8551C58C6CE00CAFFC1 /* Cube.dae in Resources */,
				D133667D1C6A237000007AEE /* Block_BottomRightLeft.png in Resources */,
				D165D7EB1C71CDFF002B39BE /* ObjectCell.xib in Resources */,
				D1EEF8521C58C6C600CAFFC1 /* LittleBoy_wallSliding.dae in Resources */,
				D13366A11C6A26CD00007AEE /* Block_TopLeft.png in Resources */,
				D13366891C6A237000007AEE /* Block_TopBottomLeft.png in Resources */,
				D13366701C68DBAE00007AEE /* LevelCell.xib in Resources */,
				D15A1F951C5FA947001F9081 /* MovingPlatform.png in Resources */,
				D15A1F901C5F5771001F9081 /* Ghost.png in Resources */,
				D13366941C6A259A00007AEE /* Block_Right.png in Resources */,
				D133668B1C6A237000007AEE /* Block_TopBottomRight.png in Resources */,
				D1EEF8531C58C6C600CAFFC1 /* LittleBoy.dae in Resources */,
				D1EEF8511C58C6C600CAFFC1 /* LittleBoy_resting.dae in Resources */,
				D133669A1C6A265400007AEE /* Block_BottomLeft.png in Resources */,
				D1FA0E0B1C5A459100CC431D /* InfoTvOS.plist in Resources */,
				D133667F1C6A237000007AEE /* Block_Left.png in Resources */,
				D1EEF8641C5A089600CAFFC1 /* Texture2.png in Resources */,
				D15A1F8B1C5F4E7F001F9081 /* Ghost.dae in Resources */,
				D1EEF8501C58C6C600CAFFC1 /* LittleBoy_jump.dae in Resources */,
				D15A1F931C5FA947001F9081 /* MovingPlatform.dae in Resources */,
			);
			runOnlyForDeploymentPostprocessing = 0;
		};
		D1F411E81C3A527D00769E80 /* Resources */ = {
			isa = PBXResourcesBuildPhase;
			buildActionMask = 2147483647;
			files = (
			);
			runOnlyForDeploymentPostprocessing = 0;
		};
		D1F411F31C3A527D00769E80 /* Resources */ = {
			isa = PBXResourcesBuildPhase;
			buildActionMask = 2147483647;
			files = (
			);
			runOnlyForDeploymentPostprocessing = 0;
		};
		D1FA0DED1C5A40A400CC431D /* Resources */ = {
			isa = PBXResourcesBuildPhase;
			buildActionMask = 2147483647;
			files = (
				D13366A41C6A26CD00007AEE /* Block_TopRight.png in Resources */,
				D13366841C6A237000007AEE /* Block_RightLeft.png in Resources */,
				D133667E1C6A237000007AEE /* Block_BottomRightLeft.png in Resources */,
				D13366951C6A259A00007AEE /* Block_Right.png in Resources */,
				D133669E1C6A268600007AEE /* Block_BottomRight.png in Resources */,
				D13366921C6A256800007AEE /* Block_Top.png in Resources */,
				D16EDAC21C6C99F7006F169B /* A Button.png in Resources */,
				D15A1F8C1C5F4E8D001F9081 /* Ghost.dae in Resources */,
				D1FA0DEE1C5A40A400CC431D /* LittleBoy_fall.dae in Resources */,
				D133669B1C6A265400007AEE /* Block_BottomLeft.png in Resources */,
				D165D7EC1C71CDFF002B39BE /* ObjectCell.xib in Resources */,
				D1FA0DF01C5A40A400CC431D /* Assets.xcassets in Resources */,
				D13366A71C6A27DB00007AEE /* Block_TopBottomRightLeft.png in Resources */,
				D13366881C6A237000007AEE /* Block_TopBottom.png in Resources */,
				D1FA0DF11C5A40A400CC431D /* Texture.png in Resources */,
				D133668A1C6A237000007AEE /* Block_TopBottomLeft.png in Resources */,
				D13366981C6A25CB00007AEE /* Block_Bottom.png in Resources */,
				D1FA0DF31C5A40A400CC431D /* Repave.jpg in Resources */,
				D1FA0DF41C5A40A400CC431D /* Cube.dae in Resources */,
				D15A1F961C5FA947001F9081 /* MovingPlatform.png in Resources */,
				D1FA0DF51C5A40A400CC431D /* LittleBoy_wallSliding.dae in Resources */,
				D1FA0DF61C5A40A400CC431D /* LittleBoy.dae in Resources */,
				D1FA0DF71C5A40A400CC431D /* LittleBoy_resting.dae in Resources */,
				D13366821C6A237000007AEE /* Block_None.png in Resources */,
				D1FA0DF81C5A40A400CC431D /* Texture2.png in Resources */,
				D1FA0DF91C5A40A400CC431D /* LittleBoy_jump.dae in Resources */,
				D133668C1C6A237000007AEE /* Block_TopBottomRight.png in Resources */,
				D13366801C6A237000007AEE /* Block_Left.png in Resources */,
				D15A1F941C5FA947001F9081 /* MovingPlatform.dae in Resources */,
				D133668E1C6A237000007AEE /* Block_TopRightLeft.png in Resources */,
				D13366A21C6A26CD00007AEE /* Block_TopLeft.png in Resources */,
			);
			runOnlyForDeploymentPostprocessing = 0;
		};
/* End PBXResourcesBuildPhase section */

/* Begin PBXShellScriptBuildPhase section */
		53C4272EE9E5A1346B7D759E /* Copy Pods Resources */ = {
			isa = PBXShellScriptBuildPhase;
			buildActionMask = 2147483647;
			files = (
			);
			inputPaths = (
			);
			name = "Copy Pods Resources";
			outputPaths = (
			);
			runOnlyForDeploymentPostprocessing = 0;
			shellPath = /bin/sh;
			shellScript = "\"${SRCROOT}/Pods/Target Support Files/Pods-TestMetal2Tests/Pods-TestMetal2Tests-resources.sh\"\n";
			showEnvVarsInLog = 0;
		};
		778ADBCDBA3D943DE41FE6DD /* Check Pods Manifest.lock */ = {
			isa = PBXShellScriptBuildPhase;
			buildActionMask = 2147483647;
			files = (
			);
			inputPaths = (
			);
			name = "Check Pods Manifest.lock";
			outputPaths = (
			);
			runOnlyForDeploymentPostprocessing = 0;
			shellPath = /bin/sh;
			shellScript = "diff \"${PODS_ROOT}/../Podfile.lock\" \"${PODS_ROOT}/Manifest.lock\" > /dev/null\nif [[ $? != 0 ]] ; then\n    cat << EOM\nerror: The sandbox is not in sync with the Podfile.lock. Run 'pod install' or update your CocoaPods installation.\nEOM\n    exit 1\nfi\n";
			showEnvVarsInLog = 0;
		};
		86B91868C8B86E6AB97AA89E /* Copy Pods Resources */ = {
			isa = PBXShellScriptBuildPhase;
			buildActionMask = 2147483647;
			files = (
			);
			inputPaths = (
			);
			name = "Copy Pods Resources";
			outputPaths = (
			);
			runOnlyForDeploymentPostprocessing = 0;
			shellPath = /bin/sh;
			shellScript = "\"${SRCROOT}/Pods/Target Support Files/Pods-TestMetal2UITests/Pods-TestMetal2UITests-resources.sh\"\n";
			showEnvVarsInLog = 0;
		};
		BB06A9018FBE89C9F1CE1AC6 /* Embed Pods Frameworks */ = {
			isa = PBXShellScriptBuildPhase;
			buildActionMask = 2147483647;
			files = (
			);
			inputPaths = (
			);
			name = "Embed Pods Frameworks";
			outputPaths = (
			);
			runOnlyForDeploymentPostprocessing = 0;
			shellPath = /bin/sh;
			shellScript = "\"${SRCROOT}/Pods/Target Support Files/Pods-TestMetal2Tests/Pods-TestMetal2Tests-frameworks.sh\"\n";
			showEnvVarsInLog = 0;
		};
		DB935BE006820DE59280F13A /* Check Pods Manifest.lock */ = {
			isa = PBXShellScriptBuildPhase;
			buildActionMask = 2147483647;
			files = (
			);
			inputPaths = (
			);
			name = "Check Pods Manifest.lock";
			outputPaths = (
			);
			runOnlyForDeploymentPostprocessing = 0;
			shellPath = /bin/sh;
			shellScript = "diff \"${PODS_ROOT}/../Podfile.lock\" \"${PODS_ROOT}/Manifest.lock\" > /dev/null\nif [[ $? != 0 ]] ; then\n    cat << EOM\nerror: The sandbox is not in sync with the Podfile.lock. Run 'pod install' or update your CocoaPods installation.\nEOM\n    exit 1\nfi\n";
			showEnvVarsInLog = 0;
		};
/* End PBXShellScriptBuildPhase section */

/* Begin PBXSourcesBuildPhase section */
		D1F411D01C3A527D00769E80 /* Sources */ = {
			isa = PBXSourcesBuildPhase;
			buildActionMask = 2147483647;
			files = (
				D165D7E31C71B934002B39BE /* TabController.swift in Sources */,
				D1F412301C3BA9F900769E80 /* Settings.swift in Sources */,
				D16EDABE1C6C8D53006F169B /* EditLevelFinishedViewController.swift in Sources */,
				D17C4D221C4A62B2006E0BE1 /* Level.swift in Sources */,
				D15A1F981C5FCA86001F9081 /* Enemy.swift in Sources */,
				D11D1DB91C575FC700B8BA86 /* SkeletonAnimation.swift in Sources */,
				D1F412221C3ACCE600769E80 /* Camera.swift in Sources */,
				D11D1DBB1C58A64B00B8BA86 /* Player.swift in Sources */,
				D19D7D3B1C64ACE900DD058A /* PauseTableView.swift in Sources */,
				D1E90F721C60949E00B84A1A /* Shell.swift in Sources */,
				D1B91EF51C3BEA250013E330 /* CPP_Wrapper.m in Sources */,
				D1F412121C3A8D9700769E80 /* Model.swift in Sources */,
				D1E90F7A1C61117F00B84A1A /* CollisionMisc.swift in Sources */,
				D1F412101C3A8B8700769E80 /* MetalView.swift in Sources */,
				D1F412291C3AEEA700769E80 /* Geometry.swift in Sources */,
				D1F4122E1C3B9C7200769E80 /* QuadTree.swift in Sources */,
				D11D1DBD1C58ADD700B8BA86 /* Cube.swift in Sources */,
				D1E90F741C609F1200B84A1A /* WallBounceEnemy.swift in Sources */,
				D1DC80261C3C069100B39AF2 /* TBXML.m in Sources */,
				D15A1F7D1C5C8B13001F9081 /* GameWorld.swift in Sources */,
				D1453F021C4D50480008F8D5 /* Object.swift in Sources */,
				D1754F031C5A4ADA00195C9D /* CloudConnect.swift in Sources */,
				D15A1F871C5E00CE001F9081 /* BoxEnemy.swift in Sources */,
				D16EDAC41C6DD65B006F169B /* BlockFrameView.swift in Sources */,
				D1453EFE1C4CCFD40008F8D5 /* GridView.swift in Sources */,
				D13366AC1C6B26EE00007AEE /* HitboxMesh.swift in Sources */,
				D1F412271C3AEDBE00769E80 /* Misc.swift in Sources */,
				D1C2A1C01C6321AA0079A379 /* SkeletonHandler.swift in Sources */,
				D15A1F9B1C5FD4F5001F9081 /* TopObject.swift in Sources */,
				D165D7E81C71BB02002B39BE /* StageSelectViewController.swift in Sources */,
				D1F411DC1C3A527D00769E80 /* Shaders.metal in Sources */,
				D1F4120A1C3A5C3700769E80 /* OBJModel.swift in Sources */,
				D1FB18DA1C3FEA99006032BC /* Skeleton.swift in Sources */,
				D1EEF85E1C58D01400CAFFC1 /* AABB.swift in Sources */,
				D1F411DA1C3A527D00769E80 /* GameViewController.swift in Sources */,
				D165D7E51C71B9AE002B39BE /* OptionsController.swift in Sources */,
				D1453EFA1C4CBFBD0008F8D5 /* GridMesh.swift in Sources */,
				D1F412251C3AE5D500769E80 /* Mesh.swift in Sources */,
				D17C4D1E1C48FD9F006E0BE1 /* RenderingObject.swift in Sources */,
				D15A1F8E1C5F4EA9001F9081 /* Ghost.swift in Sources */,
				D15A1F811C5C943B001F9081 /* LevelCreator.swift in Sources */,
				D1453EF81C4CBE9C0008F8D5 /* LevelEditorViewController.swift in Sources */,
				D1F4120E1C3A743D00769E80 /* Renderer.swift in Sources */,
				D19D7D441C66270400DD058A /* ObjectTableView.swift in Sources */,
				D15A1F891C5E70AA001F9081 /* MovingPlatform.swift in Sources */,
				D19D7D481C6882AB00DD058A /* PlayViewController.swift in Sources */,
				D1453F001C4D461D0008F8D5 /* GamePad.swift in Sources */,
				D1EEF8621C5A035300CAFFC1 /* TextureHandler.swift in Sources */,
				D1F411D81C3A527D00769E80 /* AppDelegate.swift in Sources */,
				D15A1F7F1C5C9030001F9081 /* LevelSelectViewController.swift in Sources */,
				D1F4122B1C3B8FA400769E80 /* Graphics.swift in Sources */,
				D19D7D421C65CCAC00DD058A /* GridObject.swift in Sources */,
				D1017DEF1C41597500CB6A5E /* SkeletonParser.swift in Sources */,
			);
			runOnlyForDeploymentPostprocessing = 0;
		};
		D1F411E61C3A527D00769E80 /* Sources */ = {
			isa = PBXSourcesBuildPhase;
			buildActionMask = 2147483647;
			files = (
				D1F411EF1C3A527D00769E80 /* TestMetal2Tests.swift in Sources */,
			);
			runOnlyForDeploymentPostprocessing = 0;
		};
		D1F411F11C3A527D00769E80 /* Sources */ = {
			isa = PBXSourcesBuildPhase;
			buildActionMask = 2147483647;
			files = (
				D1F411FA1C3A527D00769E80 /* TestMetal2UITests.swift in Sources */,
				D165D7E11C71B3E9002B39BE /* TabController.swift in Sources */,
			);
			runOnlyForDeploymentPostprocessing = 0;
		};
		D1FA0DCC1C5A40A400CC431D /* Sources */ = {
			isa = PBXSourcesBuildPhase;
			buildActionMask = 2147483647;
			files = (
				D165D7E21C71B8F5002B39BE /* TabController.swift in Sources */,
				D1C2A1C11C6324FF0079A379 /* SkeletonHandler.swift in Sources */,
				D1E90F7B1C6112A600B84A1A /* CollisionMisc.swift in Sources */,
				D1E90F781C60C0BD00B84A1A /* WallBounceEnemy.swift in Sources */,
				D1E90F771C60C07E00B84A1A /* Shell.swift in Sources */,
				D15A1F831C5CB662001F9081 /* LevelSelectViewController.swift in Sources */,
				D15A1F821C5CB65E001F9081 /* LevelCreator.swift in Sources */,
				D1754F0A1C5A537000195C9D /* CloudConnect.swift in Sources */,
				D1FA0DCD1C5A40A400CC431D /* Settings.swift in Sources */,
				D16EDAC51C6DD65B006F169B /* BlockFrameView.swift in Sources */,
				D16EDABF1C6C8D53006F169B /* EditLevelFinishedViewController.swift in Sources */,
				D1FA0DCE1C5A40A400CC431D /* Level.swift in Sources */,
				D1FA0DCF1C5A40A400CC431D /* SkeletonAnimation.swift in Sources */,
				D1FA0DD01C5A40A400CC431D /* Camera.swift in Sources */,
				D165D7E61C71B9AE002B39BE /* OptionsController.swift in Sources */,
				D1FA0DD11C5A40A400CC431D /* Player.swift in Sources */,
				D1FA0DD21C5A40A400CC431D /* CPP_Wrapper.m in Sources */,
				D1FA0DD31C5A40A400CC431D /* Model.swift in Sources */,
				D1FA0DD51C5A40A400CC431D /* MetalView.swift in Sources */,
				D1FA0DD61C5A40A400CC431D /* Geometry.swift in Sources */,
				D1FA0DD71C5A40A400CC431D /* QuadTree.swift in Sources */,
				D1FA0DD81C5A40A400CC431D /* Cube.swift in Sources */,
				D1FA0DD91C5A40A400CC431D /* TBXML.m in Sources */,
				D15A1F9C1C5FD4F5001F9081 /* TopObject.swift in Sources */,
				D1FA0DDA1C5A40A400CC431D /* Object.swift in Sources */,
				D1FA0DDB1C5A40A400CC431D /* GridView.swift in Sources */,
				D1FA0DDC1C5A40A400CC431D /* Misc.swift in Sources */,
				D1FA0DDD1C5A40A400CC431D /* Shaders.metal in Sources */,
				D1FA0DDE1C5A40A400CC431D /* OBJModel.swift in Sources */,
				D15A1F991C5FCA86001F9081 /* Enemy.swift in Sources */,
				D1FA0DDF1C5A40A400CC431D /* Skeleton.swift in Sources */,
				D1FA0DE01C5A40A400CC431D /* AABB.swift in Sources */,
				D1FA0DE11C5A40A400CC431D /* GameViewController.swift in Sources */,
				D1FA0DE21C5A40A400CC431D /* GridMesh.swift in Sources */,
				D1FA0DE31C5A40A400CC431D /* Mesh.swift in Sources */,
				D1FA0DE41C5A40A400CC431D /* RenderingObject.swift in Sources */,
				D1FA0DE51C5A40A400CC431D /* LevelEditorViewController.swift in Sources */,
				D1FA0DE61C5A40A400CC431D /* Renderer.swift in Sources */,
				D1FA0DE71C5A40A400CC431D /* GamePad.swift in Sources */,
				D1FA0DE81C5A40A400CC431D /* TextureHandler.swift in Sources */,
				D1FA0DE91C5A40A400CC431D /* AppDelegate.swift in Sources */,
				D165D7E91C71BB02002B39BE /* StageSelectViewController.swift in Sources */,
				D1FA0DEA1C5A40A400CC431D /* Graphics.swift in Sources */,
				D13366AD1C6B26EE00007AEE /* HitboxMesh.swift in Sources */,
				D1FA0DEB1C5A40A400CC431D /* SkeletonParser.swift in Sources */,
			);
			runOnlyForDeploymentPostprocessing = 0;
		};
/* End PBXSourcesBuildPhase section */

/* Begin PBXTargetDependency section */
		D1F411EC1C3A527D00769E80 /* PBXTargetDependency */ = {
			isa = PBXTargetDependency;
			target = D1F411D31C3A527D00769E80 /* TestMetal2 */;
			targetProxy = D1F411EB1C3A527D00769E80 /* PBXContainerItemProxy */;
		};
		D1F411F71C3A527D00769E80 /* PBXTargetDependency */ = {
			isa = PBXTargetDependency;
			target = D1F411D31C3A527D00769E80 /* TestMetal2 */;
			targetProxy = D1F411F61C3A527D00769E80 /* PBXContainerItemProxy */;
		};
/* End PBXTargetDependency section */

/* Begin XCBuildConfiguration section */
		D1F411FC1C3A527D00769E80 /* Debug */ = {
			isa = XCBuildConfiguration;
			buildSettings = {
				ALWAYS_SEARCH_USER_PATHS = NO;
				CLANG_CXX_LANGUAGE_STANDARD = "gnu++0x";
				CLANG_CXX_LIBRARY = "libc++";
				CLANG_ENABLE_MODULES = YES;
				CLANG_ENABLE_OBJC_ARC = YES;
				CLANG_WARN_BOOL_CONVERSION = YES;
				CLANG_WARN_CONSTANT_CONVERSION = YES;
				CLANG_WARN_DIRECT_OBJC_ISA_USAGE = YES_ERROR;
				CLANG_WARN_EMPTY_BODY = YES;
				CLANG_WARN_ENUM_CONVERSION = YES;
				CLANG_WARN_INT_CONVERSION = YES;
				CLANG_WARN_OBJC_ROOT_CLASS = YES_ERROR;
				CLANG_WARN_UNREACHABLE_CODE = YES;
				CLANG_WARN__DUPLICATE_METHOD_MATCH = YES;
				"CODE_SIGN_IDENTITY[sdk=iphoneos*]" = "iPhone Developer";
				COPY_PHASE_STRIP = NO;
				DEBUG_INFORMATION_FORMAT = "dwarf-with-dsym";
				ENABLE_STRICT_OBJC_MSGSEND = YES;
				ENABLE_TESTABILITY = YES;
				GCC_C_LANGUAGE_STANDARD = gnu99;
				GCC_DYNAMIC_NO_PIC = NO;
				GCC_NO_COMMON_BLOCKS = YES;
				GCC_OPTIMIZATION_LEVEL = 0;
				GCC_PREPROCESSOR_DEFINITIONS = (
					"DEBUG=1",
					"$(inherited)",
				);
				GCC_WARN_64_TO_32_BIT_CONVERSION = YES;
				GCC_WARN_ABOUT_RETURN_TYPE = YES_ERROR;
				GCC_WARN_UNDECLARED_SELECTOR = YES;
				GCC_WARN_UNINITIALIZED_AUTOS = YES_AGGRESSIVE;
				GCC_WARN_UNUSED_FUNCTION = YES;
				GCC_WARN_UNUSED_VARIABLE = YES;
				IPHONEOS_DEPLOYMENT_TARGET = 9.0;
				MTL_ENABLE_DEBUG_INFO = YES;
				ONLY_ACTIVE_ARCH = YES;
				SDKROOT = iphoneos;
				SWIFT_OPTIMIZATION_LEVEL = "-Onone";
				TARGETED_DEVICE_FAMILY = "1,2";
			};
			name = Debug;
		};
		D1F411FD1C3A527D00769E80 /* Release */ = {
			isa = XCBuildConfiguration;
			buildSettings = {
				ALWAYS_SEARCH_USER_PATHS = NO;
				CLANG_CXX_LANGUAGE_STANDARD = "gnu++0x";
				CLANG_CXX_LIBRARY = "libc++";
				CLANG_ENABLE_MODULES = YES;
				CLANG_ENABLE_OBJC_ARC = YES;
				CLANG_WARN_BOOL_CONVERSION = YES;
				CLANG_WARN_CONSTANT_CONVERSION = YES;
				CLANG_WARN_DIRECT_OBJC_ISA_USAGE = YES_ERROR;
				CLANG_WARN_EMPTY_BODY = YES;
				CLANG_WARN_ENUM_CONVERSION = YES;
				CLANG_WARN_INT_CONVERSION = YES;
				CLANG_WARN_OBJC_ROOT_CLASS = YES_ERROR;
				CLANG_WARN_UNREACHABLE_CODE = YES;
				CLANG_WARN__DUPLICATE_METHOD_MATCH = YES;
				"CODE_SIGN_IDENTITY[sdk=iphoneos*]" = "iPhone Developer";
				COPY_PHASE_STRIP = NO;
				DEBUG_INFORMATION_FORMAT = "dwarf-with-dsym";
				ENABLE_NS_ASSERTIONS = NO;
				ENABLE_STRICT_OBJC_MSGSEND = YES;
				GCC_C_LANGUAGE_STANDARD = gnu99;
				GCC_NO_COMMON_BLOCKS = YES;
				GCC_WARN_64_TO_32_BIT_CONVERSION = YES;
				GCC_WARN_ABOUT_RETURN_TYPE = YES_ERROR;
				GCC_WARN_UNDECLARED_SELECTOR = YES;
				GCC_WARN_UNINITIALIZED_AUTOS = YES_AGGRESSIVE;
				GCC_WARN_UNUSED_FUNCTION = YES;
				GCC_WARN_UNUSED_VARIABLE = YES;
				IPHONEOS_DEPLOYMENT_TARGET = 9.0;
				MTL_ENABLE_DEBUG_INFO = NO;
				SDKROOT = iphoneos;
				TARGETED_DEVICE_FAMILY = "1,2";
				VALIDATE_PRODUCT = YES;
			};
			name = Release;
		};
		D1F411FF1C3A527D00769E80 /* Debug */ = {
			isa = XCBuildConfiguration;
			buildSettings = {
				ASSETCATALOG_COMPILER_APPICON_NAME = AppIcon;
				CODE_SIGN_ENTITLEMENTS = TestMetal2/TestMetal2.entitlements;
				CODE_SIGN_IDENTITY = "iPhone Developer";
				"CODE_SIGN_IDENTITY[sdk=iphoneos*]" = "iPhone Developer";
				HEADER_SEARCH_PATHS = (
					"$(inherited)",
					"\"${PODS_ROOT}/Headers/Public\"",
				);
				INFOPLIST_FILE = TestMetal2/Info.plist;
				LD_RUNPATH_SEARCH_PATHS = "$(inherited) @executable_path/Frameworks";
				OTHER_CFLAGS = "$(inherited)";
				OTHER_LDFLAGS = "$(inherited)";
				PRODUCT_BUNDLE_IDENTIFIER = com.palforsberg.TestMetal2;
				PRODUCT_NAME = "$(TARGET_NAME)";
				PROVISIONING_PROFILE = "";
				SWIFT_OBJC_BRIDGING_HEADER = "TestMetal2/TestMetal2-Bridging-Header.h";
				TARGETED_DEVICE_FAMILY = "1,2";
			};
			name = Debug;
		};
		D1F412001C3A527D00769E80 /* Release */ = {
			isa = XCBuildConfiguration;
			buildSettings = {
				ASSETCATALOG_COMPILER_APPICON_NAME = AppIcon;
				CODE_SIGN_ENTITLEMENTS = TestMetal2/TestMetal2.entitlements;
				CODE_SIGN_IDENTITY = "iPhone Developer";
				"CODE_SIGN_IDENTITY[sdk=iphoneos*]" = "iPhone Developer";
				HEADER_SEARCH_PATHS = (
					"$(inherited)",
					"\"${PODS_ROOT}/Headers/Public\"",
				);
				INFOPLIST_FILE = TestMetal2/Info.plist;
				LD_RUNPATH_SEARCH_PATHS = "$(inherited) @executable_path/Frameworks";
				OTHER_CFLAGS = "$(inherited)";
				OTHER_LDFLAGS = "$(inherited)";
				PRODUCT_BUNDLE_IDENTIFIER = com.palforsberg.TestMetal2;
				PRODUCT_NAME = "$(TARGET_NAME)";
				PROVISIONING_PROFILE = "";
				SWIFT_OBJC_BRIDGING_HEADER = "TestMetal2/TestMetal2-Bridging-Header.h";
				TARGETED_DEVICE_FAMILY = "1,2";
			};
			name = Release;
		};
		D1F412021C3A527D00769E80 /* Debug */ = {
			isa = XCBuildConfiguration;
			buildSettings = {
				BUNDLE_LOADER = "$(TEST_HOST)";
				DEBUG_INFORMATION_FORMAT = dwarf;
				INFOPLIST_FILE = TestMetal2Tests/Info.plist;
				LD_RUNPATH_SEARCH_PATHS = "$(inherited) @executable_path/Frameworks @loader_path/Frameworks";
				PRODUCT_BUNDLE_IDENTIFIER = com.palforsberg.TestMetal2Tests;
				PRODUCT_NAME = "$(TARGET_NAME)";
				TEST_HOST = "$(BUILT_PRODUCTS_DIR)/TestMetal2.app/TestMetal2";
			};
			name = Debug;
		};
		D1F412031C3A527D00769E80 /* Release */ = {
			isa = XCBuildConfiguration;
			buildSettings = {
				BUNDLE_LOADER = "$(TEST_HOST)";
				INFOPLIST_FILE = TestMetal2Tests/Info.plist;
				LD_RUNPATH_SEARCH_PATHS = "$(inherited) @executable_path/Frameworks @loader_path/Frameworks";
				PRODUCT_BUNDLE_IDENTIFIER = com.palforsberg.TestMetal2Tests;
				PRODUCT_NAME = "$(TARGET_NAME)";
				TEST_HOST = "$(BUILT_PRODUCTS_DIR)/TestMetal2.app/TestMetal2";
			};
			name = Release;
		};
		D1F412051C3A527D00769E80 /* Debug */ = {
			isa = XCBuildConfiguration;
			buildSettings = {
				CODE_SIGN_IDENTITY = "iPhone Developer: Pal Forsberg (WDYATC6UJR)";
				DEBUG_INFORMATION_FORMAT = dwarf;
				INFOPLIST_FILE = TestMetal2UITests/Info.plist;
				LD_RUNPATH_SEARCH_PATHS = "$(inherited) @executable_path/Frameworks @loader_path/Frameworks";
				PRODUCT_BUNDLE_IDENTIFIER = com.palforsberg.TestMetal2UITests;
				PRODUCT_NAME = "$(TARGET_NAME)";
				TEST_TARGET_NAME = TestMetal2;
				USES_XCTRUNNER = YES;
			};
			name = Debug;
		};
		D1F412061C3A527D00769E80 /* Release */ = {
			isa = XCBuildConfiguration;
			buildSettings = {
				INFOPLIST_FILE = TestMetal2UITests/Info.plist;
				LD_RUNPATH_SEARCH_PATHS = "$(inherited) @executable_path/Frameworks @loader_path/Frameworks";
				PRODUCT_BUNDLE_IDENTIFIER = com.palforsberg.TestMetal2UITests;
				PRODUCT_NAME = "$(TARGET_NAME)";
				TEST_TARGET_NAME = TestMetal2;
				USES_XCTRUNNER = YES;
			};
			name = Release;
		};
		D1FA0DFB1C5A40A400CC431D /* Debug */ = {
			isa = XCBuildConfiguration;
			buildSettings = {
				ASSETCATALOG_COMPILER_APPICON_NAME = AppIcon;
				ASSETCATALOG_COMPILER_LAUNCHIMAGE_NAME = "Brand Assets";
				CODE_SIGN_ENTITLEMENTS = "TestMetal2 tvOS.entitlements";
				CODE_SIGN_IDENTITY = "iPhone Developer";
				"CODE_SIGN_IDENTITY[sdk=appletvos*]" = "iPhone Developer";
				"CODE_SIGN_IDENTITY[sdk=iphoneos*]" = "iPhone Developer";
				HEADER_SEARCH_PATHS = (
					"$(inherited)",
					"\"${PODS_ROOT}/Headers/Public\"",
				);
				INFOPLIST_FILE = InfoTvOS.plist;
				LD_RUNPATH_SEARCH_PATHS = "$(inherited) @executable_path/Frameworks";
				ONLY_ACTIVE_ARCH = YES;
				OTHER_CFLAGS = "$(inherited)";
				OTHER_LDFLAGS = "$(inherited)";
				PRODUCT_BUNDLE_IDENTIFIER = com.palforsberg.TestMetal2;
				PRODUCT_NAME = "$(TARGET_NAME)";
				PROVISIONING_PROFILE = "";
				SDKROOT = appletvos9.1;
				SWIFT_OBJC_BRIDGING_HEADER = "TestMetal2/TestMetal2-Bridging-Header.h";
				TARGETED_DEVICE_FAMILY = 3;
				TVOS_DEPLOYMENT_TARGET = 9.1;
			};
			name = Debug;
		};
		D1FA0DFC1C5A40A400CC431D /* Release */ = {
			isa = XCBuildConfiguration;
			buildSettings = {
				ASSETCATALOG_COMPILER_APPICON_NAME = AppIcon;
				ASSETCATALOG_COMPILER_LAUNCHIMAGE_NAME = "Brand Assets";
				CODE_SIGN_ENTITLEMENTS = "TestMetal2 tvOS.entitlements";
				CODE_SIGN_IDENTITY = "iPhone Developer";
				"CODE_SIGN_IDENTITY[sdk=appletvos*]" = "iPhone Developer";
				"CODE_SIGN_IDENTITY[sdk=iphoneos*]" = "iPhone Developer";
				HEADER_SEARCH_PATHS = (
					"$(inherited)",
					"\"${PODS_ROOT}/Headers/Public\"",
				);
				INFOPLIST_FILE = InfoTvOS.plist;
				LD_RUNPATH_SEARCH_PATHS = "$(inherited) @executable_path/Frameworks";
				ONLY_ACTIVE_ARCH = NO;
				OTHER_CFLAGS = "$(inherited)";
				OTHER_LDFLAGS = "$(inherited)";
				PRODUCT_BUNDLE_IDENTIFIER = com.palforsberg.TestMetal2;
				PRODUCT_NAME = "$(TARGET_NAME)";
				PROVISIONING_PROFILE = "";
				SDKROOT = appletvos9.1;
				SWIFT_OBJC_BRIDGING_HEADER = "TestMetal2/TestMetal2-Bridging-Header.h";
				TARGETED_DEVICE_FAMILY = 3;
				TVOS_DEPLOYMENT_TARGET = 9.1;
			};
			name = Release;
		};
/* End XCBuildConfiguration section */

/* Begin XCConfigurationList section */
		D1F411CF1C3A527D00769E80 /* Build configuration list for PBXProject "TestMetal2" */ = {
			isa = XCConfigurationList;
			buildConfigurations = (
				D1F411FC1C3A527D00769E80 /* Debug */,
				D1F411FD1C3A527D00769E80 /* Release */,
			);
			defaultConfigurationIsVisible = 0;
			defaultConfigurationName = Release;
		};
		D1F411FE1C3A527D00769E80 /* Build configuration list for PBXNativeTarget "TestMetal2" */ = {
			isa = XCConfigurationList;
			buildConfigurations = (
				D1F411FF1C3A527D00769E80 /* Debug */,
				D1F412001C3A527D00769E80 /* Release */,
			);
			defaultConfigurationIsVisible = 0;
			defaultConfigurationName = Release;
		};
		D1F412011C3A527D00769E80 /* Build configuration list for PBXNativeTarget "TestMetal2Tests" */ = {
			isa = XCConfigurationList;
			buildConfigurations = (
				D1F412021C3A527D00769E80 /* Debug */,
				D1F412031C3A527D00769E80 /* Release */,
			);
			defaultConfigurationIsVisible = 0;
			defaultConfigurationName = Release;
		};
		D1F412041C3A527D00769E80 /* Build configuration list for PBXNativeTarget "TestMetal2UITests" */ = {
			isa = XCConfigurationList;
			buildConfigurations = (
				D1F412051C3A527D00769E80 /* Debug */,
				D1F412061C3A527D00769E80 /* Release */,
			);
			defaultConfigurationIsVisible = 0;
			defaultConfigurationName = Release;
		};
		D1FA0DFA1C5A40A400CC431D /* Build configuration list for PBXNativeTarget "TestMetal2 tvOS" */ = {
			isa = XCConfigurationList;
			buildConfigurations = (
				D1FA0DFB1C5A40A400CC431D /* Debug */,
				D1FA0DFC1C5A40A400CC431D /* Release */,
			);
			defaultConfigurationIsVisible = 0;
			defaultConfigurationName = Release;
		};
/* End XCConfigurationList section */
	};
	rootObject = D1F411CC1C3A527D00769E80 /* Project object */;
}
